
Microsoft Visual Studio Solution File, Format Version 12.00
# Visual Studio Version 17
VisualStudioVersion = 17.4.33103.184
MinimumVisualStudioVersion = 10.0.40219.1
Project("{8BC9CEB8-8B4A-11D0-8D11-00A0C91BC942}") = "HPL1 Engine", "HPL\HPL1 Engine.vcxproj", "{4CDCFC1B-7754-49F2-8401-F3B046F4FE93}"
EndProject
Project("{2150E333-8FDC-42A3-9474-1A3956D46DE8}") = "3rdparty", "3rdparty", "{1F22833C-CADA-4D00-8A13-FE595B7A24E5}"
EndProject
Project("{2150E333-8FDC-42A3-9474-1A3956D46DE8}") = "stb", "stb", "{9129F4DF-7A56-4B94-88FA-5E18114B281A}"
	ProjectSection(SolutionItems) = preProject
		3rdparty\stb\stb_image.h = 3rdparty\stb\stb_image.h
		3rdparty\stb\stb_vorbis.c = 3rdparty\stb\stb_vorbis.c
		3rdparty\stb\stb_vorbis.h = 3rdparty\stb\stb_vorbis.h
	EndProjectSection
EndProject
Project("{8BC9CEB8-8B4A-11D0-8D11-00A0C91BC942}") = "PenumbraOverture", "PenumbraOverture\Penumbra.vcxproj", "{C6E72C29-38A3-4897-AA05-E87B0323AA71}"
EndProject
Project("{2150E333-8FDC-42A3-9474-1A3956D46DE8}") = "tinyXML", "tinyXML", "{2C5EA03E-A180-4373-9B2D-CF71F94CB6EC}"
	ProjectSection(SolutionItems) = preProject
		3rdparty\tinyXML\tinystr.cpp = 3rdparty\tinyXML\tinystr.cpp
		3rdparty\tinyXML\tinystr.h = 3rdparty\tinyXML\tinystr.h
		3rdparty\tinyXML\tinyxml.cpp = 3rdparty\tinyXML\tinyxml.cpp
		3rdparty\tinyXML\tinyxml.h = 3rdparty\tinyXML\tinyxml.h
		3rdparty\tinyXML\tinyxmlerror.cpp = 3rdparty\tinyXML\tinyxmlerror.cpp
		3rdparty\tinyXML\tinyxmlparser.cpp = 3rdparty\tinyXML\tinyxmlparser.cpp
	EndProjectSection
EndProject
Project("{8BC9CEB8-8B4A-11D0-8D11-00A0C91BC942}") = "AngelScript", "3rdparty\AngelScript\AngelScript.vcxproj", "{9BFEA3A5-0793-4A98-B8BF-21E696C159DA}"
EndProject
Project("{8BC9CEB8-8B4A-11D0-8D11-00A0C91BC942}") = "Newton", "3rdparty\Newton\Newton.vcxproj", "{3ADCECDE-BB48-429E-9EF2-32C583DC3055}"
EndProject
Project("{8BC9CEB8-8B4A-11D0-8D11-00A0C91BC942}") = "OALWrapper", "3rdparty\OALWrapper\OALWrapper.vcxproj", "{6F50ED2A-585C-4B70-A595-69E149364A8E}"
EndProject
Project("{8BC9CEB8-8B4A-11D0-8D11-00A0C91BC942}") = "libogg", "3rdparty\libogg\win32\VS2015\libogg.vcxproj", "{AFF27A26-C088-444B-BC2A-0BA94A02AFA7}"
EndProject
Project("{8BC9CEB8-8B4A-11D0-8D11-00A0C91BC942}") = "libvorbisfile", "3rdparty\libvorbis\win32\VS2010\libvorbisfile\libvorbisfile_static.vcxproj", "{CEBDE98B-A6AA-46E6-BC79-FAAF823DB9EC}"
EndProject
Project("{8BC9CEB8-8B4A-11D0-8D11-00A0C91BC942}") = "libtheora_static", "3rdparty\libtheora\win32\VS2022\libtheora\libtheora_static.vcxproj", "{653F3841-3F26-49B9-AFCF-091DB4B67031}"
EndProject
Project("{2150E333-8FDC-42A3-9474-1A3956D46DE8}") = "AngelScript", "AngelScript", "{0E44E3D3-F864-4512-9580-F21E2D137E08}"
EndProject
Project("{2150E333-8FDC-42A3-9474-1A3956D46DE8}") = "libogg", "libogg", "{5ABB1BA9-FA68-4628-B1F0-6D1600FD0E0D}"
EndProject
Project("{2150E333-8FDC-42A3-9474-1A3956D46DE8}") = "libtheora", "libtheora", "{3AB4246C-E4DA-409E-AE85-673BF97E7FE9}"
EndProject
Project("{2150E333-8FDC-42A3-9474-1A3956D46DE8}") = "libvorbisfile", "libvorbisfile", "{51FB7656-7A90-4E2E-9A3F-31E1C907093F}"
EndProject
Project("{2150E333-8FDC-42A3-9474-1A3956D46DE8}") = "Newton", "Newton", "{87E45221-C13D-422F-80C6-954B5D05A72B}"
EndProject
Project("{2150E333-8FDC-42A3-9474-1A3956D46DE8}") = "OALWrapper", "OALWrapper", "{D751A37A-89A8-4101-80B4-F00C073F733B}"
EndProject
Global
	GlobalSection(SolutionConfigurationPlatforms) = preSolution
		Debug|x64 = Debug|x64
		Debug|x86 = Debug|x86
		DebugDLL|x64 = DebugDLL|x64
		DebugDLL|x86 = DebugDLL|x86
		Release_SSE|x64 = Release_SSE|x64
		Release_SSE|x86 = Release_SSE|x86
		Release_SSE2|x64 = Release_SSE2|x64
		Release_SSE2|x86 = Release_SSE2|x86
		Release|x64 = Release|x64
		Release|x86 = Release|x86
		ReleaseDLL|x64 = ReleaseDLL|x64
		ReleaseDLL|x86 = ReleaseDLL|x86
	EndGlobalSection
	GlobalSection(ProjectConfigurationPlatforms) = postSolution
		{4CDCFC1B-7754-49F2-8401-F3B046F4FE93}.Debug|x64.ActiveCfg = Debug|x64
		{4CDCFC1B-7754-49F2-8401-F3B046F4FE93}.Debug|x64.Build.0 = Debug|x64
		{4CDCFC1B-7754-49F2-8401-F3B046F4FE93}.Debug|x86.ActiveCfg = Debug|Win32
		{4CDCFC1B-7754-49F2-8401-F3B046F4FE93}.Debug|x86.Build.0 = Debug|Win32
		{4CDCFC1B-7754-49F2-8401-F3B046F4FE93}.DebugDLL|x64.ActiveCfg = Debug|x64
		{4CDCFC1B-7754-49F2-8401-F3B046F4FE93}.DebugDLL|x64.Build.0 = Debug|x64
		{4CDCFC1B-7754-49F2-8401-F3B046F4FE93}.DebugDLL|x86.ActiveCfg = Debug|Win32
		{4CDCFC1B-7754-49F2-8401-F3B046F4FE93}.DebugDLL|x86.Build.0 = Debug|Win32
		{4CDCFC1B-7754-49F2-8401-F3B046F4FE93}.Release_SSE|x64.ActiveCfg = Release|x64
		{4CDCFC1B-7754-49F2-8401-F3B046F4FE93}.Release_SSE|x64.Build.0 = Release|x64
		{4CDCFC1B-7754-49F2-8401-F3B046F4FE93}.Release_SSE|x86.ActiveCfg = Release|Win32
		{4CDCFC1B-7754-49F2-8401-F3B046F4FE93}.Release_SSE|x86.Build.0 = Release|Win32
		{4CDCFC1B-7754-49F2-8401-F3B046F4FE93}.Release_SSE2|x64.ActiveCfg = Release|x64
		{4CDCFC1B-7754-49F2-8401-F3B046F4FE93}.Release_SSE2|x64.Build.0 = Release|x64
		{4CDCFC1B-7754-49F2-8401-F3B046F4FE93}.Release_SSE2|x86.ActiveCfg = Release|Win32
		{4CDCFC1B-7754-49F2-8401-F3B046F4FE93}.Release_SSE2|x86.Build.0 = Release|Win32
		{4CDCFC1B-7754-49F2-8401-F3B046F4FE93}.Release|x64.ActiveCfg = Release|x64
		{4CDCFC1B-7754-49F2-8401-F3B046F4FE93}.Release|x64.Build.0 = Release|x64
		{4CDCFC1B-7754-49F2-8401-F3B046F4FE93}.Release|x86.ActiveCfg = Release|Win32
		{4CDCFC1B-7754-49F2-8401-F3B046F4FE93}.Release|x86.Build.0 = Release|Win32
		{4CDCFC1B-7754-49F2-8401-F3B046F4FE93}.ReleaseDLL|x64.ActiveCfg = Release|x64
		{4CDCFC1B-7754-49F2-8401-F3B046F4FE93}.ReleaseDLL|x64.Build.0 = Release|x64
		{4CDCFC1B-7754-49F2-8401-F3B046F4FE93}.ReleaseDLL|x86.ActiveCfg = Release|Win32
		{4CDCFC1B-7754-49F2-8401-F3B046F4FE93}.ReleaseDLL|x86.Build.0 = Release|Win32
		{C6E72C29-38A3-4897-AA05-E87B0323AA71}.Debug|x64.ActiveCfg = Debug|Win32
		{C6E72C29-38A3-4897-AA05-E87B0323AA71}.Debug|x64.Build.0 = Debug|Win32
		{C6E72C29-38A3-4897-AA05-E87B0323AA71}.Debug|x86.ActiveCfg = Debug|Win32
		{C6E72C29-38A3-4897-AA05-E87B0323AA71}.Debug|x86.Build.0 = Debug|Win32
		{C6E72C29-38A3-4897-AA05-E87B0323AA71}.DebugDLL|x64.ActiveCfg = Debug|x64
		{C6E72C29-38A3-4897-AA05-E87B0323AA71}.DebugDLL|x64.Build.0 = Debug|x64
		{C6E72C29-38A3-4897-AA05-E87B0323AA71}.DebugDLL|x86.ActiveCfg = Debug|Win32
		{C6E72C29-38A3-4897-AA05-E87B0323AA71}.DebugDLL|x86.Build.0 = Debug|Win32
		{C6E72C29-38A3-4897-AA05-E87B0323AA71}.Release_SSE|x64.ActiveCfg = Release|x64
		{C6E72C29-38A3-4897-AA05-E87B0323AA71}.Release_SSE|x64.Build.0 = Release|x64
		{C6E72C29-38A3-4897-AA05-E87B0323AA71}.Release_SSE|x86.ActiveCfg = Release|Win32
		{C6E72C29-38A3-4897-AA05-E87B0323AA71}.Release_SSE|x86.Build.0 = Release|Win32
		{C6E72C29-38A3-4897-AA05-E87B0323AA71}.Release_SSE2|x64.ActiveCfg = Release|x64
		{C6E72C29-38A3-4897-AA05-E87B0323AA71}.Release_SSE2|x64.Build.0 = Release|x64
		{C6E72C29-38A3-4897-AA05-E87B0323AA71}.Release_SSE2|x86.ActiveCfg = Release|Win32
		{C6E72C29-38A3-4897-AA05-E87B0323AA71}.Release_SSE2|x86.Build.0 = Release|Win32
		{C6E72C29-38A3-4897-AA05-E87B0323AA71}.Release|x64.ActiveCfg = Release|x64
		{C6E72C29-38A3-4897-AA05-E87B0323AA71}.Release|x64.Build.0 = Release|x64
		{C6E72C29-38A3-4897-AA05-E87B0323AA71}.Release|x86.ActiveCfg = Release|Win32
		{C6E72C29-38A3-4897-AA05-E87B0323AA71}.Release|x86.Build.0 = Release|Win32
		{C6E72C29-38A3-4897-AA05-E87B0323AA71}.ReleaseDLL|x64.ActiveCfg = Release|x64
		{C6E72C29-38A3-4897-AA05-E87B0323AA71}.ReleaseDLL|x64.Build.0 = Release|x64
		{C6E72C29-38A3-4897-AA05-E87B0323AA71}.ReleaseDLL|x86.ActiveCfg = Release|Win32
		{C6E72C29-38A3-4897-AA05-E87B0323AA71}.ReleaseDLL|x86.Build.0 = Release|Win32
		{9BFEA3A5-0793-4A98-B8BF-21E696C159DA}.Debug|x64.ActiveCfg = Debug|x64
		{9BFEA3A5-0793-4A98-B8BF-21E696C159DA}.Debug|x64.Build.0 = Debug|x64
		{9BFEA3A5-0793-4A98-B8BF-21E696C159DA}.Debug|x86.ActiveCfg = Debug|Win32
		{9BFEA3A5-0793-4A98-B8BF-21E696C159DA}.Debug|x86.Build.0 = Debug|Win32
		{9BFEA3A5-0793-4A98-B8BF-21E696C159DA}.DebugDLL|x64.ActiveCfg = Debug|x64
		{9BFEA3A5-0793-4A98-B8BF-21E696C159DA}.DebugDLL|x64.Build.0 = Debug|x64
		{9BFEA3A5-0793-4A98-B8BF-21E696C159DA}.DebugDLL|x86.ActiveCfg = Debug|Win32
		{9BFEA3A5-0793-4A98-B8BF-21E696C159DA}.DebugDLL|x86.Build.0 = Debug|Win32
		{9BFEA3A5-0793-4A98-B8BF-21E696C159DA}.Release_SSE|x64.ActiveCfg = Release|x64
		{9BFEA3A5-0793-4A98-B8BF-21E696C159DA}.Release_SSE|x64.Build.0 = Release|x64
		{9BFEA3A5-0793-4A98-B8BF-21E696C159DA}.Release_SSE|x86.ActiveCfg = Release|Win32
		{9BFEA3A5-0793-4A98-B8BF-21E696C159DA}.Release_SSE|x86.Build.0 = Release|Win32
		{9BFEA3A5-0793-4A98-B8BF-21E696C159DA}.Release_SSE2|x64.ActiveCfg = Release|x64
		{9BFEA3A5-0793-4A98-B8BF-21E696C159DA}.Release_SSE2|x64.Build.0 = Release|x64
		{9BFEA3A5-0793-4A98-B8BF-21E696C159DA}.Release_SSE2|x86.ActiveCfg = Release|Win32
		{9BFEA3A5-0793-4A98-B8BF-21E696C159DA}.Release_SSE2|x86.Build.0 = Release|Win32
		{9BFEA3A5-0793-4A98-B8BF-21E696C159DA}.Release|x64.ActiveCfg = Release|x64
		{9BFEA3A5-0793-4A98-B8BF-21E696C159DA}.Release|x64.Build.0 = Release|x64
		{9BFEA3A5-0793-4A98-B8BF-21E696C159DA}.Release|x86.ActiveCfg = Release|Win32
		{9BFEA3A5-0793-4A98-B8BF-21E696C159DA}.Release|x86.Build.0 = Release|Win32
		{9BFEA3A5-0793-4A98-B8BF-21E696C159DA}.ReleaseDLL|x64.ActiveCfg = Release|x64
		{9BFEA3A5-0793-4A98-B8BF-21E696C159DA}.ReleaseDLL|x64.Build.0 = Release|x64
		{9BFEA3A5-0793-4A98-B8BF-21E696C159DA}.ReleaseDLL|x86.ActiveCfg = Release|Win32
		{9BFEA3A5-0793-4A98-B8BF-21E696C159DA}.ReleaseDLL|x86.Build.0 = Release|Win32
		{3ADCECDE-BB48-429E-9EF2-32C583DC3055}.Debug|x64.ActiveCfg = Debug|x64
		{3ADCECDE-BB48-429E-9EF2-32C583DC3055}.Debug|x64.Build.0 = Debug|x64
		{3ADCECDE-BB48-429E-9EF2-32C583DC3055}.Debug|x86.ActiveCfg = Debug|Win32
		{3ADCECDE-BB48-429E-9EF2-32C583DC3055}.Debug|x86.Build.0 = Debug|Win32
		{3ADCECDE-BB48-429E-9EF2-32C583DC3055}.DebugDLL|x64.ActiveCfg = Debug|x64
		{3ADCECDE-BB48-429E-9EF2-32C583DC3055}.DebugDLL|x64.Build.0 = Debug|x64
		{3ADCECDE-BB48-429E-9EF2-32C583DC3055}.DebugDLL|x86.ActiveCfg = Debug|Win32
		{3ADCECDE-BB48-429E-9EF2-32C583DC3055}.DebugDLL|x86.Build.0 = Debug|Win32
		{3ADCECDE-BB48-429E-9EF2-32C583DC3055}.Release_SSE|x64.ActiveCfg = Release|x64
		{3ADCECDE-BB48-429E-9EF2-32C583DC3055}.Release_SSE|x64.Build.0 = Release|x64
		{3ADCECDE-BB48-429E-9EF2-32C583DC3055}.Release_SSE|x86.ActiveCfg = Release|Win32
		{3ADCECDE-BB48-429E-9EF2-32C583DC3055}.Release_SSE|x86.Build.0 = Release|Win32
		{3ADCECDE-BB48-429E-9EF2-32C583DC3055}.Release_SSE2|x64.ActiveCfg = Release|x64
		{3ADCECDE-BB48-429E-9EF2-32C583DC3055}.Release_SSE2|x64.Build.0 = Release|x64
		{3ADCECDE-BB48-429E-9EF2-32C583DC3055}.Release_SSE2|x86.ActiveCfg = Release|Win32
		{3ADCECDE-BB48-429E-9EF2-32C583DC3055}.Release_SSE2|x86.Build.0 = Release|Win32
		{3ADCECDE-BB48-429E-9EF2-32C583DC3055}.Release|x64.ActiveCfg = Release|x64
		{3ADCECDE-BB48-429E-9EF2-32C583DC3055}.Release|x64.Build.0 = Release|x64
		{3ADCECDE-BB48-429E-9EF2-32C583DC3055}.Release|x86.ActiveCfg = Release|Win32
		{3ADCECDE-BB48-429E-9EF2-32C583DC3055}.Release|x86.Build.0 = Release|Win32
		{3ADCECDE-BB48-429E-9EF2-32C583DC3055}.ReleaseDLL|x64.ActiveCfg = Release|x64
		{3ADCECDE-BB48-429E-9EF2-32C583DC3055}.ReleaseDLL|x64.Build.0 = Release|x64
		{3ADCECDE-BB48-429E-9EF2-32C583DC3055}.ReleaseDLL|x86.ActiveCfg = Release|Win32
		{3ADCECDE-BB48-429E-9EF2-32C583DC3055}.ReleaseDLL|x86.Build.0 = Release|Win32
		{6F50ED2A-585C-4B70-A595-69E149364A8E}.Debug|x64.ActiveCfg = Debug|Win32
		{6F50ED2A-585C-4B70-A595-69E149364A8E}.Debug|x64.Build.0 = Debug|Win32
		{6F50ED2A-585C-4B70-A595-69E149364A8E}.Debug|x86.ActiveCfg = Debug|Win32
		{6F50ED2A-585C-4B70-A595-69E149364A8E}.Debug|x86.Build.0 = Debug|Win32
		{6F50ED2A-585C-4B70-A595-69E149364A8E}.DebugDLL|x64.ActiveCfg = Debug|x64
		{6F50ED2A-585C-4B70-A595-69E149364A8E}.DebugDLL|x64.Build.0 = Debug|x64
		{6F50ED2A-585C-4B70-A595-69E149364A8E}.DebugDLL|x86.ActiveCfg = Debug|Win32
		{6F50ED2A-585C-4B70-A595-69E149364A8E}.DebugDLL|x86.Build.0 = Debug|Win32
		{6F50ED2A-585C-4B70-A595-69E149364A8E}.Release_SSE|x64.ActiveCfg = Release|x64
		{6F50ED2A-585C-4B70-A595-69E149364A8E}.Release_SSE|x64.Build.0 = Release|x64
		{6F50ED2A-585C-4B70-A595-69E149364A8E}.Release_SSE|x86.ActiveCfg = Release|Win32
		{6F50ED2A-585C-4B70-A595-69E149364A8E}.Release_SSE|x86.Build.0 = Release|Win32
		{6F50ED2A-585C-4B70-A595-69E149364A8E}.Release_SSE2|x64.ActiveCfg = Release|x64
		{6F50ED2A-585C-4B70-A595-69E149364A8E}.Release_SSE2|x64.Build.0 = Release|x64
		{6F50ED2A-585C-4B70-A595-69E149364A8E}.Release_SSE2|x86.ActiveCfg = Release|Win32
		{6F50ED2A-585C-4B70-A595-69E149364A8E}.Release_SSE2|x86.Build.0 = Release|Win32
		{6F50ED2A-585C-4B70-A595-69E149364A8E}.Release|x64.ActiveCfg = Release|x64
		{6F50ED2A-585C-4B70-A595-69E149364A8E}.Release|x64.Build.0 = Release|x64
		{6F50ED2A-585C-4B70-A595-69E149364A8E}.Release|x86.ActiveCfg = Release|Win32
		{6F50ED2A-585C-4B70-A595-69E149364A8E}.Release|x86.Build.0 = Release|Win32
		{6F50ED2A-585C-4B70-A595-69E149364A8E}.ReleaseDLL|x64.ActiveCfg = Release|x64
		{6F50ED2A-585C-4B70-A595-69E149364A8E}.ReleaseDLL|x64.Build.0 = Release|x64
		{6F50ED2A-585C-4B70-A595-69E149364A8E}.ReleaseDLL|x86.ActiveCfg = Release|Win32
		{6F50ED2A-585C-4B70-A595-69E149364A8E}.ReleaseDLL|x86.Build.0 = Release|Win32
		{AFF27A26-C088-444B-BC2A-0BA94A02AFA7}.Debug|x64.ActiveCfg = Debug|x64
		{AFF27A26-C088-444B-BC2A-0BA94A02AFA7}.Debug|x64.Build.0 = Debug|x64
		{AFF27A26-C088-444B-BC2A-0BA94A02AFA7}.Debug|x86.ActiveCfg = Debug|Win32
		{AFF27A26-C088-444B-BC2A-0BA94A02AFA7}.Debug|x86.Build.0 = Debug|Win32
		{AFF27A26-C088-444B-BC2A-0BA94A02AFA7}.DebugDLL|x64.ActiveCfg = DebugDLL|x64
		{AFF27A26-C088-444B-BC2A-0BA94A02AFA7}.DebugDLL|x64.Build.0 = DebugDLL|x64
		{AFF27A26-C088-444B-BC2A-0BA94A02AFA7}.DebugDLL|x86.ActiveCfg = DebugDLL|Win32
		{AFF27A26-C088-444B-BC2A-0BA94A02AFA7}.DebugDLL|x86.Build.0 = DebugDLL|Win32
		{AFF27A26-C088-444B-BC2A-0BA94A02AFA7}.Release_SSE|x64.ActiveCfg = ReleaseDLL|x64
		{AFF27A26-C088-444B-BC2A-0BA94A02AFA7}.Release_SSE|x64.Build.0 = ReleaseDLL|x64
		{AFF27A26-C088-444B-BC2A-0BA94A02AFA7}.Release_SSE|x86.ActiveCfg = ReleaseDLL|Win32
		{AFF27A26-C088-444B-BC2A-0BA94A02AFA7}.Release_SSE|x86.Build.0 = ReleaseDLL|Win32
		{AFF27A26-C088-444B-BC2A-0BA94A02AFA7}.Release_SSE2|x64.ActiveCfg = ReleaseDLL|x64
		{AFF27A26-C088-444B-BC2A-0BA94A02AFA7}.Release_SSE2|x64.Build.0 = ReleaseDLL|x64
		{AFF27A26-C088-444B-BC2A-0BA94A02AFA7}.Release_SSE2|x86.ActiveCfg = ReleaseDLL|Win32
		{AFF27A26-C088-444B-BC2A-0BA94A02AFA7}.Release_SSE2|x86.Build.0 = ReleaseDLL|Win32
		{AFF27A26-C088-444B-BC2A-0BA94A02AFA7}.Release|x64.ActiveCfg = Release|x64
		{AFF27A26-C088-444B-BC2A-0BA94A02AFA7}.Release|x64.Build.0 = Release|x64
		{AFF27A26-C088-444B-BC2A-0BA94A02AFA7}.Release|x86.ActiveCfg = Release|Win32
		{AFF27A26-C088-444B-BC2A-0BA94A02AFA7}.Release|x86.Build.0 = Release|Win32
		{AFF27A26-C088-444B-BC2A-0BA94A02AFA7}.ReleaseDLL|x64.ActiveCfg = ReleaseDLL|x64
		{AFF27A26-C088-444B-BC2A-0BA94A02AFA7}.ReleaseDLL|x64.Build.0 = ReleaseDLL|x64
		{AFF27A26-C088-444B-BC2A-0BA94A02AFA7}.ReleaseDLL|x86.ActiveCfg = ReleaseDLL|Win32
		{AFF27A26-C088-444B-BC2A-0BA94A02AFA7}.ReleaseDLL|x86.Build.0 = ReleaseDLL|Win32
		{CEBDE98B-A6AA-46E6-BC79-FAAF823DB9EC}.Debug|x64.ActiveCfg = Debug|x64
		{CEBDE98B-A6AA-46E6-BC79-FAAF823DB9EC}.Debug|x64.Build.0 = Debug|x64
		{CEBDE98B-A6AA-46E6-BC79-FAAF823DB9EC}.Debug|x86.ActiveCfg = Debug|Win32
		{CEBDE98B-A6AA-46E6-BC79-FAAF823DB9EC}.Debug|x86.Build.0 = Debug|Win32
		{CEBDE98B-A6AA-46E6-BC79-FAAF823DB9EC}.DebugDLL|x64.ActiveCfg = Debug|x64
		{CEBDE98B-A6AA-46E6-BC79-FAAF823DB9EC}.DebugDLL|x64.Build.0 = Debug|x64
		{CEBDE98B-A6AA-46E6-BC79-FAAF823DB9EC}.DebugDLL|x86.ActiveCfg = Debug|Win32
		{CEBDE98B-A6AA-46E6-BC79-FAAF823DB9EC}.DebugDLL|x86.Build.0 = Debug|Win32
		{CEBDE98B-A6AA-46E6-BC79-FAAF823DB9EC}.Release_SSE|x64.ActiveCfg = Release|x64
		{CEBDE98B-A6AA-46E6-BC79-FAAF823DB9EC}.Release_SSE|x64.Build.0 = Release|x64
		{CEBDE98B-A6AA-46E6-BC79-FAAF823DB9EC}.Release_SSE|x86.ActiveCfg = Release|Win32
		{CEBDE98B-A6AA-46E6-BC79-FAAF823DB9EC}.Release_SSE|x86.Build.0 = Release|Win32
		{CEBDE98B-A6AA-46E6-BC79-FAAF823DB9EC}.Release_SSE2|x64.ActiveCfg = Release|x64
		{CEBDE98B-A6AA-46E6-BC79-FAAF823DB9EC}.Release_SSE2|x64.Build.0 = Release|x64
		{CEBDE98B-A6AA-46E6-BC79-FAAF823DB9EC}.Release_SSE2|x86.ActiveCfg = Release|Win32
		{CEBDE98B-A6AA-46E6-BC79-FAAF823DB9EC}.Release_SSE2|x86.Build.0 = Release|Win32
		{CEBDE98B-A6AA-46E6-BC79-FAAF823DB9EC}.Release|x64.ActiveCfg = Release|x64
		{CEBDE98B-A6AA-46E6-BC79-FAAF823DB9EC}.Release|x64.Build.0 = Release|x64
		{CEBDE98B-A6AA-46E6-BC79-FAAF823DB9EC}.Release|x86.ActiveCfg = Release|Win32
		{CEBDE98B-A6AA-46E6-BC79-FAAF823DB9EC}.Release|x86.Build.0 = Release|Win32
		{CEBDE98B-A6AA-46E6-BC79-FAAF823DB9EC}.ReleaseDLL|x64.ActiveCfg = Release|x64
		{CEBDE98B-A6AA-46E6-BC79-FAAF823DB9EC}.ReleaseDLL|x64.Build.0 = Release|x64
		{CEBDE98B-A6AA-46E6-BC79-FAAF823DB9EC}.ReleaseDLL|x86.ActiveCfg = Release|Win32
		{CEBDE98B-A6AA-46E6-BC79-FAAF823DB9EC}.ReleaseDLL|x86.Build.0 = Release|Win32
		{653F3841-3F26-49B9-AFCF-091DB4B67031}.Debug|x64.ActiveCfg = Debug|x64
		{653F3841-3F26-49B9-AFCF-091DB4B67031}.Debug|x64.Build.0 = Debug|x64
		{653F3841-3F26-49B9-AFCF-091DB4B67031}.Debug|x86.ActiveCfg = Debug|Win32
		{653F3841-3F26-49B9-AFCF-091DB4B67031}.Debug|x86.Build.0 = Debug|Win32
		{653F3841-3F26-49B9-AFCF-091DB4B67031}.DebugDLL|x64.ActiveCfg = Debug|x64
		{653F3841-3F26-49B9-AFCF-091DB4B67031}.DebugDLL|x64.Build.0 = Debug|x64
		{653F3841-3F26-49B9-AFCF-091DB4B67031}.DebugDLL|x86.ActiveCfg = Debug|Win32
		{653F3841-3F26-49B9-AFCF-091DB4B67031}.DebugDLL|x86.Build.0 = Debug|Win32
		{653F3841-3F26-49B9-AFCF-091DB4B67031}.Release_SSE|x64.ActiveCfg = Release_SSE|x64
		{653F3841-3F26-49B9-AFCF-091DB4B67031}.Release_SSE|x64.Build.0 = Release_SSE|x64
		{653F3841-3F26-49B9-AFCF-091DB4B67031}.Release_SSE|x86.ActiveCfg = Release_SSE|Win32
		{653F3841-3F26-49B9-AFCF-091DB4B67031}.Release_SSE|x86.Build.0 = Release_SSE|Win32
		{653F3841-3F26-49B9-AFCF-091DB4B67031}.Release_SSE2|x64.ActiveCfg = Release_SSE2|x64
		{653F3841-3F26-49B9-AFCF-091DB4B67031}.Release_SSE2|x64.Build.0 = Release_SSE2|x64
		{653F3841-3F26-49B9-AFCF-091DB4B67031}.Release_SSE2|x86.ActiveCfg = Release_SSE2|Win32
		{653F3841-3F26-49B9-AFCF-091DB4B67031}.Release_SSE2|x86.Build.0 = Release_SSE2|Win32
		{653F3841-3F26-49B9-AFCF-091DB4B67031}.Release|x64.ActiveCfg = Release|x64
		{653F3841-3F26-49B9-AFCF-091DB4B67031}.Release|x64.Build.0 = Release|x64
		{653F3841-3F26-49B9-AFCF-091DB4B67031}.Release|x86.ActiveCfg = Release|Win32
		{653F3841-3F26-49B9-AFCF-091DB4B67031}.Release|x86.Build.0 = Release|Win32
		{653F3841-3F26-49B9-AFCF-091DB4B67031}.ReleaseDLL|x64.ActiveCfg = Release_SSE|x64
		{653F3841-3F26-49B9-AFCF-091DB4B67031}.ReleaseDLL|x64.Build.0 = Release_SSE|x64
		{653F3841-3F26-49B9-AFCF-091DB4B67031}.ReleaseDLL|x86.ActiveCfg = Release_SSE|Win32
		{653F3841-3F26-49B9-AFCF-091DB4B67031}.ReleaseDLL|x86.Build.0 = Release_SSE|Win32
	EndGlobalSection
	GlobalSection(SolutionProperties) = preSolution
		HideSolutionNode = FALSE
	EndGlobalSection
	GlobalSection(NestedProjects) = preSolution
		{9129F4DF-7A56-4B94-88FA-5E18114B281A} = {1F22833C-CADA-4D00-8A13-FE595B7A24E5}
		{2C5EA03E-A180-4373-9B2D-CF71F94CB6EC} = {1F22833C-CADA-4D00-8A13-FE595B7A24E5}
		{9BFEA3A5-0793-4A98-B8BF-21E696C159DA} = {0E44E3D3-F864-4512-9580-F21E2D137E08}
		{3ADCECDE-BB48-429E-9EF2-32C583DC3055} = {87E45221-C13D-422F-80C6-954B5D05A72B}
		{6F50ED2A-585C-4B70-A595-69E149364A8E} = {D751A37A-89A8-4101-80B4-F00C073F733B}
		{AFF27A26-C088-444B-BC2A-0BA94A02AFA7} = {5ABB1BA9-FA68-4628-B1F0-6D1600FD0E0D}
		{CEBDE98B-A6AA-46E6-BC79-FAAF823DB9EC} = {51FB7656-7A90-4E2E-9A3F-31E1C907093F}
		{653F3841-3F26-49B9-AFCF-091DB4B67031} = {3AB4246C-E4DA-409E-AE85-673BF97E7FE9}
		{0E44E3D3-F864-4512-9580-F21E2D137E08} = {1F22833C-CADA-4D00-8A13-FE595B7A24E5}
		{5ABB1BA9-FA68-4628-B1F0-6D1600FD0E0D} = {1F22833C-CADA-4D00-8A13-FE595B7A24E5}
		{3AB4246C-E4DA-409E-AE85-673BF97E7FE9} = {1F22833C-CADA-4D00-8A13-FE595B7A24E5}
		{51FB7656-7A90-4E2E-9A3F-31E1C907093F} = {1F22833C-CADA-4D00-8A13-FE595B7A24E5}
		{87E45221-C13D-422F-80C6-954B5D05A72B} = {1F22833C-CADA-4D00-8A13-FE595B7A24E5}
		{D751A37A-89A8-4101-80B4-F00C073F733B} = {1F22833C-CADA-4D00-8A13-FE595B7A24E5}
	EndGlobalSection
	GlobalSection(ExtensibilityGlobals) = postSolution
		SolutionGuid = {2CD0B1D0-D917-4565-8CED-6F1171D3F844}
	EndGlobalSection
EndGlobal
