<?xml version="1.0" encoding="utf-8"?>
<Project ToolsVersion="4.0" xmlns="http://schemas.microsoft.com/developer/msbuild/2003">
  <ItemGroup>
    <Filter Include="src">
      <UniqueIdentifier>{1d26b408-07a7-4709-98f8-aa904e43793f}</UniqueIdentifier>
    </Filter>
  </ItemGroup>
  <ItemGroup>
    <ClCompile Include="src\AttackHandler.cpp">
      <Filter>src</Filter>
    </ClCompile>
    <ClCompile Include="src\ButtonHandler.cpp">
      <Filter>src</Filter>
    </ClCompile>
    <ClCompile Include="src\CharacterMove.cpp">
      <Filter>src</Filter>
    </ClCompile>
    <ClCompile Include="src\Credits.cpp">
      <Filter>src</Filter>
    </ClCompile>
    <ClCompile Include="src\DeathMenu.cpp">
      <Filter>src</Filter>
    </ClCompile>
    <ClCompile Include="src\EffectHandler.cpp">
      <Filter>src</Filter>
    </ClCompile>
    <ClCompile Include="src\FadeHandler.cpp">
      <Filter>src</Filter>
    </ClCompile>
    <ClCompile Include="src\GameArea.cpp">
      <Filter>src</Filter>
    </ClCompile>
    <ClCompile Include="src\GameDamageArea.cpp">
      <Filter>src</Filter>
    </ClCompile>
    <ClCompile Include="src\GameEnemy.cpp">
      <Filter>src</Filter>
    </ClCompile>
    <ClCompile Include="src\GameEnemy_Dog.cpp">
      <Filter>src</Filter>
    </ClCompile>
    <ClCompile Include="src\GameEnemy_Spider.cpp">
      <Filter>src</Filter>
    </ClCompile>
    <ClCompile Include="src\GameEnemy_Worm.cpp">
      <Filter>src</Filter>
    </ClCompile>
    <ClCompile Include="src\GameEntity.cpp">
      <Filter>src</Filter>
    </ClCompile>
    <ClCompile Include="src\GameForceArea.cpp">
      <Filter>src</Filter>
    </ClCompile>
    <ClCompile Include="src\GameItem.cpp">
      <Filter>src</Filter>
    </ClCompile>
    <ClCompile Include="src\GameItemType.cpp">
      <Filter>src</Filter>
    </ClCompile>
    <ClCompile Include="src\GameLadder.cpp">
      <Filter>src</Filter>
    </ClCompile>
    <ClCompile Include="src\GameLamp.cpp">
      <Filter>src</Filter>
    </ClCompile>
    <ClCompile Include="src\GameLink.cpp">
      <Filter>src</Filter>
    </ClCompile>
    <ClCompile Include="src\GameLiquidArea.cpp">
      <Filter>src</Filter>
    </ClCompile>
    <ClCompile Include="src\GameMessageHandler.cpp">
      <Filter>src</Filter>
    </ClCompile>
    <ClCompile Include="src\GameMusicHandler.cpp">
      <Filter>src</Filter>
    </ClCompile>
    <ClCompile Include="src\GameObject.cpp">
      <Filter>src</Filter>
    </ClCompile>
    <ClCompile Include="src\GameSaveArea.cpp">
      <Filter>src</Filter>
    </ClCompile>
    <ClCompile Include="src\GameScripts.cpp">
      <Filter>src</Filter>
    </ClCompile>
    <ClCompile Include="src\GameStickArea.cpp">
      <Filter>src</Filter>
    </ClCompile>
    <ClCompile Include="src\GameSwingDoor.cpp">
      <Filter>src</Filter>
    </ClCompile>
    <ClCompile Include="src\GameTypes.cpp">
      <Filter>src</Filter>
    </ClCompile>
    <ClCompile Include="src\GraphicsHelper.cpp">
      <Filter>src</Filter>
    </ClCompile>
    <ClCompile Include="src\HapticGameCamera.cpp">
      <Filter>src</Filter>
    </ClCompile>
    <ClCompile Include="src\HudModel_Throw.cpp">
      <Filter>src</Filter>
    </ClCompile>
    <ClCompile Include="src\HudModel_Weapon.cpp">
      <Filter>src</Filter>
    </ClCompile>
    <ClCompile Include="src\Init.cpp">
      <Filter>src</Filter>
    </ClCompile>
    <ClCompile Include="src\IntroStory.cpp">
      <Filter>src</Filter>
    </ClCompile>
    <ClCompile Include="src\Inventory.cpp">
      <Filter>src</Filter>
    </ClCompile>
    <ClCompile Include="src\Main.cpp">
      <Filter>src</Filter>
    </ClCompile>
    <ClCompile Include="src\MainMenu.cpp">
      <Filter>src</Filter>
    </ClCompile>
    <ClCompile Include="src\MapHandler.cpp">
      <Filter>src</Filter>
    </ClCompile>
    <ClCompile Include="src\MapLoadText.cpp">
      <Filter>src</Filter>
    </ClCompile>
    <ClCompile Include="src\ModelExport.cpp">
      <Filter>src</Filter>
    </ClCompile>
    <ClCompile Include="src\Notebook.cpp">
      <Filter>src</Filter>
    </ClCompile>
    <ClCompile Include="src\NumericalPanel.cpp">
      <Filter>src</Filter>
    </ClCompile>
    <ClCompile Include="src\Player.cpp">
      <Filter>src</Filter>
    </ClCompile>
    <ClCompile Include="src\PlayerHands.cpp">
      <Filter>src</Filter>
    </ClCompile>
    <ClCompile Include="src\PlayerHelper.cpp">
      <Filter>src</Filter>
    </ClCompile>
    <ClCompile Include="src\PlayerState_Interact.cpp">
      <Filter>src</Filter>
    </ClCompile>
    <ClCompile Include="src\PlayerState_InteractHaptX.cpp">
      <Filter>src</Filter>
    </ClCompile>
    <ClCompile Include="src\PlayerState_Misc.cpp">
      <Filter>src</Filter>
    </ClCompile>
    <ClCompile Include="src\PlayerState_MiscHaptX.cpp">
      <Filter>src</Filter>
    </ClCompile>
    <ClCompile Include="src\PlayerState_Weapon.cpp">
      <Filter>src</Filter>
    </ClCompile>
    <ClCompile Include="src\PlayerState_WeaponHaptX.cpp">
      <Filter>src</Filter>
    </ClCompile>
    <ClCompile Include="src\PreMenu.cpp">
      <Filter>src</Filter>
    </ClCompile>
    <ClCompile Include="src\RadioHandler.cpp">
      <Filter>src</Filter>
    </ClCompile>
    <ClCompile Include="src\SaveHandler.cpp">
      <Filter>src</Filter>
    </ClCompile>
    <ClCompile Include="src\SaveTypes.cpp">
      <Filter>src</Filter>
    </ClCompile>
    <ClCompile Include="src\TriggerHandler.cpp">
      <Filter>src</Filter>
    </ClCompile>
    <ClCompile Include="src\Triggers.cpp">
      <Filter>src</Filter>
    </ClCompile>
  </ItemGroup>
  <ItemGroup>
    <ClInclude Include="src\AttackHandler.h">
      <Filter>src</Filter>
    </ClInclude>
    <ClInclude Include="src\ButtonHandler.h">
      <Filter>src</Filter>
    </ClInclude>
    <ClInclude Include="src\CharacterMove.h">
      <Filter>src</Filter>
    </ClInclude>
    <ClInclude Include="src\Credits.h">
      <Filter>src</Filter>
    </ClInclude>
    <ClInclude Include="src\DeathMenu.h">
      <Filter>src</Filter>
    </ClInclude>
    <ClInclude Include="src\EffectHandler.h">
      <Filter>src</Filter>
    </ClInclude>
    <ClInclude Include="src\FadeHandler.h">
      <Filter>src</Filter>
    </ClInclude>
    <ClInclude Include="src\GameArea.h">
      <Filter>src</Filter>
    </ClInclude>
    <ClInclude Include="src\GameDamageArea.h">
      <Filter>src</Filter>
    </ClInclude>
    <ClInclude Include="src\GameEnemy.h">
      <Filter>src</Filter>
    </ClInclude>
    <ClInclude Include="src\GameEnemy_Dog.h">
      <Filter>src</Filter>
    </ClInclude>
    <ClInclude Include="src\GameEnemy_Spider.h">
      <Filter>src</Filter>
    </ClInclude>
    <ClInclude Include="src\GameEnemy_Worm.h">
      <Filter>src</Filter>
    </ClInclude>
    <ClInclude Include="src\GameEntity.h">
      <Filter>src</Filter>
    </ClInclude>
    <ClInclude Include="src\GameForceArea.h">
      <Filter>src</Filter>
    </ClInclude>
    <ClInclude Include="src\GameItem.h">
      <Filter>src</Filter>
    </ClInclude>
    <ClInclude Include="src\GameItemType.h">
      <Filter>src</Filter>
    </ClInclude>
    <ClInclude Include="src\GameLadder.h">
      <Filter>src</Filter>
    </ClInclude>
    <ClInclude Include="src\GameLamp.h">
      <Filter>src</Filter>
    </ClInclude>
    <ClInclude Include="src\GameLink.h">
      <Filter>src</Filter>
    </ClInclude>
    <ClInclude Include="src\GameLiquidArea.h">
      <Filter>src</Filter>
    </ClInclude>
    <ClInclude Include="src\GameMessageHandler.h">
      <Filter>src</Filter>
    </ClInclude>
    <ClInclude Include="src\GameMusicHandler.h">
      <Filter>src</Filter>
    </ClInclude>
    <ClInclude Include="src\GameObject.h">
      <Filter>src</Filter>
    </ClInclude>
    <ClInclude Include="src\GameSaveArea.h">
      <Filter>src</Filter>
    </ClInclude>
    <ClInclude Include="src\GameScripts.h">
      <Filter>src</Filter>
    </ClInclude>
    <ClInclude Include="src\GameStickArea.h">
      <Filter>src</Filter>
    </ClInclude>
    <ClInclude Include="src\GameSwingDoor.h">
      <Filter>src</Filter>
    </ClInclude>
    <ClInclude Include="src\GameTypes.h">
      <Filter>src</Filter>
    </ClInclude>
    <ClInclude Include="src\GlobalInit.h">
      <Filter>src</Filter>
    </ClInclude>
    <ClInclude Include="src\GraphicsHelper.h">
      <Filter>src</Filter>
    </ClInclude>
    <ClInclude Include="src\HapticGameCamera.h">
      <Filter>src</Filter>
    </ClInclude>
    <ClInclude Include="src\HudModel_Throw.h">
      <Filter>src</Filter>
    </ClInclude>
    <ClInclude Include="src\HudModel_Weapon.h">
      <Filter>src</Filter>
    </ClInclude>
    <ClInclude Include="src\Init.h">
      <Filter>src</Filter>
    </ClInclude>
    <ClInclude Include="src\IntroStory.h">
      <Filter>src</Filter>
    </ClInclude>
    <ClInclude Include="src\Inventory.h">
      <Filter>src</Filter>
    </ClInclude>
    <ClInclude Include="src\MainMenu.h">
      <Filter>src</Filter>
    </ClInclude>
    <ClInclude Include="src\MapHandler.h">
      <Filter>src</Filter>
    </ClInclude>
    <ClInclude Include="src\MapLoadText.h">
      <Filter>src</Filter>
    </ClInclude>
    <ClInclude Include="src\ModelExport.h">
      <Filter>src</Filter>
    </ClInclude>
    <ClInclude Include="src\Notebook.h">
      <Filter>src</Filter>
    </ClInclude>
    <ClInclude Include="src\NumericalPanel.h">
      <Filter>src</Filter>
    </ClInclude>
    <ClInclude Include="src\Player.h">
      <Filter>src</Filter>
    </ClInclude>
    <ClInclude Include="src\PlayerHands.h">
      <Filter>src</Filter>
    </ClInclude>
    <ClInclude Include="src\PlayerHelper.h">
      <Filter>src</Filter>
    </ClInclude>
    <ClInclude Include="src\PlayerMoveStates.h">
      <Filter>src</Filter>
    </ClInclude>
    <ClInclude Include="src\PlayerState.h">
      <Filter>src</Filter>
    </ClInclude>
    <ClInclude Include="src\PlayerState_Interact.h">
      <Filter>src</Filter>
    </ClInclude>
    <ClInclude Include="src\PlayerState_InteractHaptX.h">
      <Filter>src</Filter>
    </ClInclude>
    <ClInclude Include="src\PlayerState_Misc.h">
      <Filter>src</Filter>
    </ClInclude>
    <ClInclude Include="src\PlayerState_MiscHaptX.h">
      <Filter>src</Filter>
    </ClInclude>
    <ClInclude Include="src\PlayerState_Weapon.h">
      <Filter>src</Filter>
    </ClInclude>
    <ClInclude Include="src\PlayerState_WeaponHaptX.h">
      <Filter>src</Filter>
    </ClInclude>
    <ClInclude Include="src\PreMenu.h">
      <Filter>src</Filter>
    </ClInclude>
    <ClInclude Include="src\RadioHandler.h">
      <Filter>src</Filter>
    </ClInclude>
    <ClInclude Include="src\resource.h">
      <Filter>src</Filter>
    </ClInclude>
    <ClInclude Include="src\SaveHandler.h">
      <Filter>src</Filter>
    </ClInclude>
    <ClInclude Include="src\SaveTypes.h">
      <Filter>src</Filter>
    </ClInclude>
    <ClInclude Include="src\TriggerHandler.h">
      <Filter>src</Filter>
    </ClInclude>
    <ClInclude Include="src\Triggers.h">
      <Filter>src</Filter>
    </ClInclude>
    <ClInclude Include="src\Version.h">
      <Filter>src</Filter>
    </ClInclude>
  </ItemGroup>
</Project>