<?xml version="1.0" encoding="utf-8"?>
<Project ToolsVersion="4.0" xmlns="http://schemas.microsoft.com/developer/msbuild/2003">
  <ItemGroup>
    <Filter Include="sources">
      <UniqueIdentifier>{b2678e4f-9534-4c7b-8a58-3f2a0cad8061}</UniqueIdentifier>
    </Filter>
    <Filter Include="sources\ai">
      <UniqueIdentifier>{b5aa83a4-7444-40ef-b5cc-e91b6aa299d7}</UniqueIdentifier>
    </Filter>
    <Filter Include="sources\game">
      <UniqueIdentifier>{0d26dbb3-0843-43a2-a938-a9fb8ea5bb3b}</UniqueIdentifier>
    </Filter>
    <Filter Include="sources\graphics">
      <UniqueIdentifier>{02e61772-8864-4e23-a3b7-120e171dfa47}</UniqueIdentifier>
    </Filter>
    <Filter Include="sources\haptic">
      <UniqueIdentifier>{180b3107-0634-4621-9334-b0cf21157503}</UniqueIdentifier>
    </Filter>
    <Filter Include="sources\impl">
      <UniqueIdentifier>{5e799353-bedc-4d74-b335-e6f652140b35}</UniqueIdentifier>
    </Filter>
    <Filter Include="sources\math">
      <UniqueIdentifier>{e94150f5-a18d-44f9-9348-4fbce6daf95f}</UniqueIdentifier>
    </Filter>
    <Filter Include="sources\resources">
      <UniqueIdentifier>{81d1505a-eb47-4d78-b5a3-07ac8e6e510a}</UniqueIdentifier>
    </Filter>
    <Filter Include="sources\input">
      <UniqueIdentifier>{1c93e47b-7e53-40b5-9499-671ad6980868}</UniqueIdentifier>
    </Filter>
    <Filter Include="sources\impl\platform">
      <UniqueIdentifier>{bd90def1-156b-4d19-98eb-73dc3216767f}</UniqueIdentifier>
    </Filter>
    <Filter Include="sources\physics">
      <UniqueIdentifier>{b0057676-b7f8-43af-bbf4-a836d539f4c2}</UniqueIdentifier>
    </Filter>
    <Filter Include="sources\scene">
      <UniqueIdentifier>{2a359aa4-121c-4d03-be2f-85d3dfa2c9c7}</UniqueIdentifier>
    </Filter>
    <Filter Include="sources\script">
      <UniqueIdentifier>{36bc58f3-3cab-4901-8315-b3d9fcd071b4}</UniqueIdentifier>
    </Filter>
    <Filter Include="sources\sound">
      <UniqueIdentifier>{668c31ca-6fc9-4fa7-8019-d7c7534ea1b6}</UniqueIdentifier>
    </Filter>
    <Filter Include="sources\system">
      <UniqueIdentifier>{78d9b6eb-3a83-4f47-b9e1-b3e910a1a6f9}</UniqueIdentifier>
    </Filter>
    <Filter Include="sources\script\impl">
      <UniqueIdentifier>{09b4d607-5846-41cb-9def-c53634a72f01}</UniqueIdentifier>
    </Filter>
  </ItemGroup>
  <ItemGroup>
    <ClCompile Include="sources\ai\AI.cpp">
      <Filter>sources\ai</Filter>
    </ClCompile>
    <ClCompile Include="sources\ai\AINodeContainer.cpp">
      <Filter>sources\ai</Filter>
    </ClCompile>
    <ClCompile Include="sources\ai\AINodeGenerator.cpp">
      <Filter>sources\ai</Filter>
    </ClCompile>
    <ClCompile Include="sources\ai\AStar.cpp">
      <Filter>sources\ai</Filter>
    </ClCompile>
    <ClCompile Include="sources\ai\StateMachine.cpp">
      <Filter>sources\ai</Filter>
    </ClCompile>
    <ClCompile Include="sources\game\Game.cpp">
      <Filter>sources\game</Filter>
    </ClCompile>
    <ClCompile Include="sources\game\SaveGame.cpp">
      <Filter>sources\game</Filter>
    </ClCompile>
    <ClCompile Include="sources\game\Updater.cpp">
      <Filter>sources\game</Filter>
    </ClCompile>
    <ClCompile Include="sources\graphics\Animation.cpp">
      <Filter>sources\graphics</Filter>
    </ClCompile>
    <ClCompile Include="sources\graphics\AnimationTrack.cpp">
      <Filter>sources\graphics</Filter>
    </ClCompile>
    <ClCompile Include="sources\graphics\Beam.cpp">
      <Filter>sources\graphics</Filter>
    </ClCompile>
    <ClCompile Include="sources\graphics\BillBoard.cpp">
      <Filter>sources\graphics</Filter>
    </ClCompile>
    <ClCompile Include="sources\graphics\Bone.cpp">
      <Filter>sources\graphics</Filter>
    </ClCompile>
    <ClCompile Include="sources\graphics\BoneState.cpp">
      <Filter>sources\graphics</Filter>
    </ClCompile>
    <ClCompile Include="sources\graphics\Color.cpp">
      <Filter>sources\graphics</Filter>
    </ClCompile>
    <ClCompile Include="sources\graphics\FontData.cpp">
      <Filter>sources\graphics</Filter>
    </ClCompile>
    <ClCompile Include="sources\graphics\GfxObject.cpp">
      <Filter>sources\graphics</Filter>
    </ClCompile>
    <ClCompile Include="sources\graphics\GPUProgram.cpp">
      <Filter>sources\graphics</Filter>
    </ClCompile>
    <ClCompile Include="sources\graphics\Graphics.cpp">
      <Filter>sources\graphics</Filter>
    </ClCompile>
    <ClCompile Include="sources\graphics\GraphicsDrawer.cpp">
      <Filter>sources\graphics</Filter>
    </ClCompile>
    <ClCompile Include="sources\graphics\Material.cpp">
      <Filter>sources\graphics</Filter>
    </ClCompile>
    <ClCompile Include="sources\graphics\Material_Additive.cpp">
      <Filter>sources\graphics</Filter>
    </ClCompile>
    <ClCompile Include="sources\graphics\Material_Alpha.cpp">
      <Filter>sources\graphics</Filter>
    </ClCompile>
    <ClCompile Include="sources\graphics\Material_BaseLight.cpp">
      <Filter>sources\graphics</Filter>
    </ClCompile>
    <ClCompile Include="sources\graphics\Material_Bump.cpp">
      <Filter>sources\graphics</Filter>
    </ClCompile>
    <ClCompile Include="sources\graphics\Material_BumpColorSpec.cpp">
      <Filter>sources\graphics</Filter>
    </ClCompile>
    <ClCompile Include="sources\graphics\Material_BumpSpec.cpp">
      <Filter>sources\graphics</Filter>
    </ClCompile>
    <ClCompile Include="sources\graphics\Material_Diffuse.cpp">
      <Filter>sources\graphics</Filter>
    </ClCompile>
    <ClCompile Include="sources\graphics\Material_DiffuseAdditive2D.cpp">
      <Filter>sources\graphics</Filter>
    </ClCompile>
    <ClCompile Include="sources\graphics\Material_DiffuseAlpha2D.cpp">
      <Filter>sources\graphics</Filter>
    </ClCompile>
    <ClCompile Include="sources\graphics\Material_DiffuseSpec.cpp">
      <Filter>sources\graphics</Filter>
    </ClCompile>
    <ClCompile Include="sources\graphics\Material_EnvMap_Reflect.cpp">
      <Filter>sources\graphics</Filter>
    </ClCompile>
    <ClCompile Include="sources\graphics\Material_Flat.cpp">
      <Filter>sources\graphics</Filter>
    </ClCompile>
    <ClCompile Include="sources\graphics\Material_FontNormal.cpp">
      <Filter>sources\graphics</Filter>
    </ClCompile>
    <ClCompile Include="sources\graphics\Material_Modulative.cpp">
      <Filter>sources\graphics</Filter>
    </ClCompile>
    <ClCompile Include="sources\graphics\Material_ModulativeX2.cpp">
      <Filter>sources\graphics</Filter>
    </ClCompile>
    <ClCompile Include="sources\graphics\Material_Smoke2D.cpp">
      <Filter>sources\graphics</Filter>
    </ClCompile>
    <ClCompile Include="sources\graphics\Material_Water.cpp">
      <Filter>sources\graphics</Filter>
    </ClCompile>
    <ClCompile Include="sources\graphics\MaterialHandler.cpp">
      <Filter>sources\graphics</Filter>
    </ClCompile>
    <ClCompile Include="sources\graphics\Mesh.cpp">
      <Filter>sources\graphics</Filter>
    </ClCompile>
    <ClCompile Include="sources\graphics\MeshCreator.cpp">
      <Filter>sources\graphics</Filter>
    </ClCompile>
    <ClCompile Include="sources\graphics\ParticleEmitter.cpp">
      <Filter>sources\graphics</Filter>
    </ClCompile>
    <ClCompile Include="sources\graphics\ParticleEmitter3D.cpp">
      <Filter>sources\graphics</Filter>
    </ClCompile>
    <ClCompile Include="sources\graphics\ParticleEmitter3D_UserData.cpp">
      <Filter>sources\graphics</Filter>
    </ClCompile>
    <ClCompile Include="sources\graphics\ParticleSystem3D.cpp">
      <Filter>sources\graphics</Filter>
    </ClCompile>
    <ClCompile Include="sources\graphics\Renderable.cpp">
      <Filter>sources\graphics</Filter>
    </ClCompile>
    <ClCompile Include="sources\graphics\Renderer3D.cpp">
      <Filter>sources\graphics</Filter>
    </ClCompile>
    <ClCompile Include="sources\graphics\RendererPostEffects.cpp">
      <Filter>sources\graphics</Filter>
    </ClCompile>
    <ClCompile Include="sources\graphics\RenderList.cpp">
      <Filter>sources\graphics</Filter>
    </ClCompile>
    <ClCompile Include="sources\graphics\RenderState.cpp">
      <Filter>sources\graphics</Filter>
    </ClCompile>
    <ClCompile Include="sources\graphics\Skeleton.cpp">
      <Filter>sources\graphics</Filter>
    </ClCompile>
    <ClCompile Include="sources\graphics\SubMesh.cpp">
      <Filter>sources\graphics</Filter>
    </ClCompile>
    <ClCompile Include="sources\haptic\LowLevelHaptic.cpp">
      <Filter>sources\haptic</Filter>
    </ClCompile>
    <ClCompile Include="sources\haptic\Haptic.cpp">
      <Filter>sources\haptic</Filter>
    </ClCompile>
    <ClCompile Include="sources\impl\CGProgram.cpp">
      <Filter>sources\impl</Filter>
    </ClCompile>
    <ClCompile Include="sources\impl\CharacterBodyNewton.cpp">
      <Filter>sources\impl</Filter>
    </ClCompile>
    <ClCompile Include="sources\impl\CollideShapeNewton.cpp">
      <Filter>sources\impl</Filter>
    </ClCompile>
    <ClCompile Include="sources\impl\GLSLProgram.cpp">
      <Filter>sources\impl</Filter>
    </ClCompile>
    <ClCompile Include="sources\impl\KeyboardSDL.cpp">
      <Filter>sources\impl</Filter>
    </ClCompile>
    <ClCompile Include="sources\impl\LowLevelGraphicsSDL.cpp">
      <Filter>sources\impl</Filter>
    </ClCompile>
    <ClCompile Include="sources\impl\LowLevelInputSDL.cpp">
      <Filter>sources\impl</Filter>
    </ClCompile>
    <ClCompile Include="sources\impl\LowLevelPhysicsNewton.cpp">
      <Filter>sources\impl</Filter>
    </ClCompile>
    <ClCompile Include="sources\impl\LowLevelResourcesSDL.cpp">
      <Filter>sources\impl</Filter>
    </ClCompile>
    <ClCompile Include="sources\impl\LowLevelSoundOAL.cpp">
      <Filter>sources\impl</Filter>
    </ClCompile>
    <ClCompile Include="sources\impl\LowLevelSystemSDL.cpp">
      <Filter>sources\impl</Filter>
    </ClCompile>
    <ClCompile Include="sources\impl\MeshLoaderCollada.cpp">
      <Filter>sources\impl</Filter>
    </ClCompile>
    <ClCompile Include="sources\impl\MeshLoaderColladaHelpers.cpp">
      <Filter>sources\impl</Filter>
    </ClCompile>
    <ClCompile Include="sources\impl\MeshLoaderColladaLoader.cpp">
      <Filter>sources\impl</Filter>
    </ClCompile>
    <ClCompile Include="sources\impl\MeshLoaderMSH.cpp">
      <Filter>sources\impl</Filter>
    </ClCompile>
    <ClCompile Include="sources\impl\MouseSDL.cpp">
      <Filter>sources\impl</Filter>
    </ClCompile>
    <ClCompile Include="sources\impl\OALSoundChannel.cpp">
      <Filter>sources\impl</Filter>
    </ClCompile>
    <ClCompile Include="sources\impl\OALSoundData.cpp">
      <Filter>sources\impl</Filter>
    </ClCompile>
    <ClCompile Include="sources\impl\OcclusionQueryOGL.cpp">
      <Filter>sources\impl</Filter>
    </ClCompile>
    <ClCompile Include="sources\impl\OpenALSoundEnvironment.cpp">
      <Filter>sources\impl</Filter>
    </ClCompile>
    <ClCompile Include="sources\impl\PhysicsBodyNewton.cpp">
      <Filter>sources\impl</Filter>
    </ClCompile>
    <ClCompile Include="sources\impl\PhysicsControllerNewton.cpp">
      <Filter>sources\impl</Filter>
    </ClCompile>
    <ClCompile Include="sources\impl\PhysicsJointBallNewton.cpp">
      <Filter>sources\impl</Filter>
    </ClCompile>
    <ClCompile Include="sources\impl\PhysicsJointHingeNewton.cpp">
      <Filter>sources\impl</Filter>
    </ClCompile>
    <ClCompile Include="sources\impl\PhysicsJointScrewNewton.cpp">
      <Filter>sources\impl</Filter>
    </ClCompile>
    <ClCompile Include="sources\impl\PhysicsJointSliderNewton.cpp">
      <Filter>sources\impl</Filter>
    </ClCompile>
    <ClCompile Include="sources\impl\PhysicsMaterialNewton.cpp">
      <Filter>sources\impl</Filter>
    </ClCompile>
    <ClCompile Include="sources\impl\PhysicsWorldNewton.cpp">
      <Filter>sources\impl</Filter>
    </ClCompile>
    <ClCompile Include="sources\impl\SDLBitmap2D.cpp">
      <Filter>sources\impl</Filter>
    </ClCompile>
    <ClCompile Include="sources\impl\SDLBMPFile.cpp">
      <Filter>sources\impl</Filter>
    </ClCompile>
    <ClCompile Include="sources\impl\SDLFontData.cpp">
      <Filter>sources\impl</Filter>
    </ClCompile>
    <ClCompile Include="sources\impl\SDLGameSetup.cpp">
      <Filter>sources\impl</Filter>
    </ClCompile>
    <ClCompile Include="sources\impl\SDLTexture.cpp">
      <Filter>sources\impl</Filter>
    </ClCompile>
    <ClCompile Include="sources\impl\SDLTGAFile.cpp">
      <Filter>sources\impl</Filter>
    </ClCompile>
    <ClCompile Include="sources\impl\VertexBufferVBO.cpp">
      <Filter>sources\impl</Filter>
    </ClCompile>
    <ClCompile Include="sources\impl\VideoStreamTheora.cpp">
      <Filter>sources\impl</Filter>
    </ClCompile>
    <ClCompile Include="sources\impl\WAVFile.cpp">
      <Filter>sources\impl</Filter>
    </ClCompile>
    <ClCompile Include="sources\input\ActionMouseButton.cpp">
      <Filter>sources\input</Filter>
    </ClCompile>
    <ClCompile Include="sources\input\Input.cpp">
      <Filter>sources\input</Filter>
    </ClCompile>
    <ClCompile Include="sources\input\InputDevice.cpp">
      <Filter>sources\input</Filter>
    </ClCompile>
    <ClCompile Include="sources\input\Keyboard.cpp">
      <Filter>sources\input</Filter>
    </ClCompile>
    <ClCompile Include="sources\input\Mouse.cpp">
      <Filter>sources\input</Filter>
    </ClCompile>
    <ClCompile Include="sources\input\Action.cpp">
      <Filter>sources\input</Filter>
    </ClCompile>
    <ClCompile Include="sources\input\ActionHaptic.cpp">
      <Filter>sources\input</Filter>
    </ClCompile>
    <ClCompile Include="sources\input\ActionKeyboard.cpp">
      <Filter>sources\input</Filter>
    </ClCompile>
    <ClCompile Include="sources\impl\platform\posix.cpp">
      <Filter>sources\impl\platform</Filter>
    </ClCompile>
    <ClCompile Include="sources\impl\platform\win32.cpp">
      <Filter>sources\impl\platform</Filter>
    </ClCompile>
    <ClCompile Include="sources\math\Frustum.cpp">
      <Filter>sources\math</Filter>
    </ClCompile>
    <ClCompile Include="sources\math\Math.cpp">
      <Filter>sources\math</Filter>
    </ClCompile>
    <ClCompile Include="sources\math\MeshTypes.cpp">
      <Filter>sources\math</Filter>
    </ClCompile>
    <ClCompile Include="sources\math\Quaternion.cpp">
      <Filter>sources\math</Filter>
    </ClCompile>
    <ClCompile Include="sources\math\Spring.cpp">
      <Filter>sources\math</Filter>
    </ClCompile>
    <ClCompile Include="sources\math\BoundingVolume.cpp">
      <Filter>sources\math</Filter>
    </ClCompile>
    <ClCompile Include="sources\math\CRC.cpp">
      <Filter>sources\math</Filter>
    </ClCompile>
    <ClCompile Include="sources\physics\PhysicsJointScrew.cpp">
      <Filter>sources\physics</Filter>
    </ClCompile>
    <ClCompile Include="sources\physics\PhysicsJointSlider.cpp">
      <Filter>sources\physics</Filter>
    </ClCompile>
    <ClCompile Include="sources\physics\PhysicsWorld.cpp">
      <Filter>sources\physics</Filter>
    </ClCompile>
    <ClCompile Include="sources\physics\SurfaceData.cpp">
      <Filter>sources\physics</Filter>
    </ClCompile>
    <ClCompile Include="sources\physics\CharacterBody.cpp">
      <Filter>sources\physics</Filter>
    </ClCompile>
    <ClCompile Include="sources\physics\Physics.cpp">
      <Filter>sources\physics</Filter>
    </ClCompile>
    <ClCompile Include="sources\physics\PhysicsBody.cpp">
      <Filter>sources\physics</Filter>
    </ClCompile>
    <ClCompile Include="sources\physics\PhysicsController.cpp">
      <Filter>sources\physics</Filter>
    </ClCompile>
    <ClCompile Include="sources\physics\PhysicsJoint.cpp">
      <Filter>sources\physics</Filter>
    </ClCompile>
    <ClCompile Include="sources\physics\PhysicsJointBall.cpp">
      <Filter>sources\physics</Filter>
    </ClCompile>
    <ClCompile Include="sources\physics\PhysicsJointHinge.cpp">
      <Filter>sources\physics</Filter>
    </ClCompile>
    <ClCompile Include="sources\resources\SoundManager.cpp">
      <Filter>sources\resources</Filter>
    </ClCompile>
    <ClCompile Include="sources\resources\TextureManager.cpp">
      <Filter>sources\resources</Filter>
    </ClCompile>
    <ClCompile Include="sources\resources\VideoManager.cpp">
      <Filter>sources\resources</Filter>
    </ClCompile>
    <ClCompile Include="sources\resources\AnimationManager.cpp">
      <Filter>sources\resources</Filter>
    </ClCompile>
    <ClCompile Include="sources\resources\ConfigFile.cpp">
      <Filter>sources\resources</Filter>
    </ClCompile>
    <ClCompile Include="sources\resources\EntityLoader_Object.cpp">
      <Filter>sources\resources</Filter>
    </ClCompile>
    <ClCompile Include="sources\resources\FileSearcher.cpp">
      <Filter>sources\resources</Filter>
    </ClCompile>
    <ClCompile Include="sources\resources\FontManager.cpp">
      <Filter>sources\resources</Filter>
    </ClCompile>
    <ClCompile Include="sources\resources\FrameBitmap.cpp">
      <Filter>sources\resources</Filter>
    </ClCompile>
    <ClCompile Include="sources\resources\FrameTexture.cpp">
      <Filter>sources\resources</Filter>
    </ClCompile>
    <ClCompile Include="sources\resources\GpuProgramManager.cpp">
      <Filter>sources\resources</Filter>
    </ClCompile>
    <ClCompile Include="sources\resources\ImageManager.cpp">
      <Filter>sources\resources</Filter>
    </ClCompile>
    <ClCompile Include="sources\resources\LanguageFile.cpp">
      <Filter>sources\resources</Filter>
    </ClCompile>
    <ClCompile Include="sources\resources\MaterialManager.cpp">
      <Filter>sources\resources</Filter>
    </ClCompile>
    <ClCompile Include="sources\resources\MeshLoaderHandler.cpp">
      <Filter>sources\resources</Filter>
    </ClCompile>
    <ClCompile Include="sources\resources\MeshManager.cpp">
      <Filter>sources\resources</Filter>
    </ClCompile>
    <ClCompile Include="sources\resources\ParticleManager.cpp">
      <Filter>sources\resources</Filter>
    </ClCompile>
    <ClCompile Include="sources\resources\ResourceBase.cpp">
      <Filter>sources\resources</Filter>
    </ClCompile>
    <ClCompile Include="sources\resources\ResourceImage.cpp">
      <Filter>sources\resources</Filter>
    </ClCompile>
    <ClCompile Include="sources\resources\ResourceManager.cpp">
      <Filter>sources\resources</Filter>
    </ClCompile>
    <ClCompile Include="sources\resources\Resources.cpp">
      <Filter>sources\resources</Filter>
    </ClCompile>
    <ClCompile Include="sources\resources\ScriptManager.cpp">
      <Filter>sources\resources</Filter>
    </ClCompile>
    <ClCompile Include="sources\resources\SoundEntityManager.cpp">
      <Filter>sources\resources</Filter>
    </ClCompile>
    <ClCompile Include="sources\scene\Entity.cpp">
      <Filter>sources\scene</Filter>
    </ClCompile>
    <ClCompile Include="sources\scene\Entity3D.cpp">
      <Filter>sources\scene</Filter>
    </ClCompile>
    <ClCompile Include="sources\scene\Light.cpp">
      <Filter>sources\scene</Filter>
    </ClCompile>
    <ClCompile Include="sources\scene\Light3D.cpp">
      <Filter>sources\scene</Filter>
    </ClCompile>
    <ClCompile Include="sources\scene\Light3DPoint.cpp">
      <Filter>sources\scene</Filter>
    </ClCompile>
    <ClCompile Include="sources\scene\Light3DSpot.cpp">
      <Filter>sources\scene</Filter>
    </ClCompile>
    <ClCompile Include="sources\scene\MeshEntity.cpp">
      <Filter>sources\scene</Filter>
    </ClCompile>
    <ClCompile Include="sources\scene\Node.cpp">
      <Filter>sources\scene</Filter>
    </ClCompile>
    <ClCompile Include="sources\scene\Node3D.cpp">
      <Filter>sources\scene</Filter>
    </ClCompile>
    <ClCompile Include="sources\scene\NodeState.cpp">
      <Filter>sources\scene</Filter>
    </ClCompile>
    <ClCompile Include="sources\scene\PortalContainer.cpp">
      <Filter>sources\scene</Filter>
    </ClCompile>
    <ClCompile Include="sources\scene\Scene.cpp">
      <Filter>sources\scene</Filter>
    </ClCompile>
    <ClCompile Include="sources\scene\SectorVisibility.cpp">
      <Filter>sources\scene</Filter>
    </ClCompile>
    <ClCompile Include="sources\scene\SoundEntity.cpp">
      <Filter>sources\scene</Filter>
    </ClCompile>
    <ClCompile Include="sources\scene\SubMeshEntity.cpp">
      <Filter>sources\scene</Filter>
    </ClCompile>
    <ClCompile Include="sources\scene\World3D.cpp">
      <Filter>sources\scene</Filter>
    </ClCompile>
    <ClCompile Include="sources\scene\AnimationState.cpp">
      <Filter>sources\scene</Filter>
    </ClCompile>
    <ClCompile Include="sources\scene\Camera3D.cpp">
      <Filter>sources\scene</Filter>
    </ClCompile>
    <ClCompile Include="sources\scene\ColliderEntity.cpp">
      <Filter>sources\scene</Filter>
    </ClCompile>
    <ClCompile Include="sources\script\ScriptFuncs.cpp">
      <Filter>sources\script</Filter>
    </ClCompile>
    <ClCompile Include="sources\script\ScriptVar.cpp">
      <Filter>sources\script</Filter>
    </ClCompile>
    <ClCompile Include="sources\script\Script.cpp">
      <Filter>sources\script</Filter>
    </ClCompile>
    <ClCompile Include="sources\script\impl\scriptstdstring.cpp">
      <Filter>sources\script\impl</Filter>
    </ClCompile>
    <ClCompile Include="sources\script\impl\scriptstdstring_utils.cpp">
      <Filter>sources\script\impl</Filter>
    </ClCompile>
    <ClCompile Include="sources\script\impl\scriptarray.cpp">
      <Filter>sources\script\impl</Filter>
    </ClCompile>
    <ClCompile Include="sources\script\impl\scripthelper.cpp">
      <Filter>sources\script\impl</Filter>
    </ClCompile>
    <ClCompile Include="sources\sound\Sound.cpp">
      <Filter>sources\sound</Filter>
    </ClCompile>
    <ClCompile Include="sources\sound\SoundEntityData.cpp">
      <Filter>sources\sound</Filter>
    </ClCompile>
    <ClCompile Include="sources\sound\SoundHandler.cpp">
      <Filter>sources\sound</Filter>
    </ClCompile>
    <ClCompile Include="sources\sound\LowLevelSound.cpp">
      <Filter>sources\sound</Filter>
    </ClCompile>
    <ClCompile Include="sources\sound\MusicHandler.cpp">
      <Filter>sources\sound</Filter>
    </ClCompile>
    <ClCompile Include="sources\system\LogicTimer.cpp">
      <Filter>sources\system</Filter>
    </ClCompile>
    <ClCompile Include="sources\system\MemoryManager.cpp">
      <Filter>sources\system</Filter>
    </ClCompile>
    <ClCompile Include="sources\system\SerializeClass.cpp">
      <Filter>sources\system</Filter>
    </ClCompile>
    <ClCompile Include="sources\system\String.cpp">
      <Filter>sources\system</Filter>
    </ClCompile>
    <ClCompile Include="sources\system\System.cpp">
      <Filter>sources\system</Filter>
    </ClCompile>
    <ClCompile Include="sources\system\Container.cpp">
      <Filter>sources\system</Filter>
    </ClCompile>
    <ClCompile Include="sources\impl\platform\i_opndir.c">
      <Filter>sources\impl\platform</Filter>
    </ClCompile>
  </ItemGroup>
  <ItemGroup>
    <ClInclude Include="sources\ai\AI.h">
      <Filter>sources\ai</Filter>
    </ClInclude>
    <ClInclude Include="sources\ai\AINodeContainer.h">
      <Filter>sources\ai</Filter>
    </ClInclude>
    <ClInclude Include="sources\ai\AINodeGenerator.h">
      <Filter>sources\ai</Filter>
    </ClInclude>
    <ClInclude Include="sources\ai\AStar.h">
      <Filter>sources\ai</Filter>
    </ClInclude>
    <ClInclude Include="sources\ai\StateMachine.h">
      <Filter>sources\ai</Filter>
    </ClInclude>
    <ClInclude Include="sources\game\Game.h">
      <Filter>sources\game</Filter>
    </ClInclude>
    <ClInclude Include="sources\game\LowLevelGameSetup.h">
      <Filter>sources\game</Filter>
    </ClInclude>
    <ClInclude Include="sources\game\SaveGame.h">
      <Filter>sources\game</Filter>
    </ClInclude>
    <ClInclude Include="sources\game\Updateable.h">
      <Filter>sources\game</Filter>
    </ClInclude>
    <ClInclude Include="sources\game\Updater.h">
      <Filter>sources\game</Filter>
    </ClInclude>
    <ClInclude Include="sources\graphics\Animation.h">
      <Filter>sources\graphics</Filter>
    </ClInclude>
    <ClInclude Include="sources\graphics\AnimationTrack.h">
      <Filter>sources\graphics</Filter>
    </ClInclude>
    <ClInclude Include="sources\graphics\Beam.h">
      <Filter>sources\graphics</Filter>
    </ClInclude>
    <ClInclude Include="sources\graphics\BillBoard.h">
      <Filter>sources\graphics</Filter>
    </ClInclude>
    <ClInclude Include="sources\graphics\Bitmap2D.h">
      <Filter>sources\graphics</Filter>
    </ClInclude>
    <ClInclude Include="sources\graphics\Bone.h">
      <Filter>sources\graphics</Filter>
    </ClInclude>
    <ClInclude Include="sources\graphics\BoneState.h">
      <Filter>sources\graphics</Filter>
    </ClInclude>
    <ClInclude Include="sources\graphics\Color.h">
      <Filter>sources\graphics</Filter>
    </ClInclude>
    <ClInclude Include="sources\graphics\FontData.h">
      <Filter>sources\graphics</Filter>
    </ClInclude>
    <ClInclude Include="sources\graphics\GfxObject.h">
      <Filter>sources\graphics</Filter>
    </ClInclude>
    <ClInclude Include="sources\graphics\GPUProgram.h">
      <Filter>sources\graphics</Filter>
    </ClInclude>
    <ClInclude Include="sources\graphics\Graphics.h">
      <Filter>sources\graphics</Filter>
    </ClInclude>
    <ClInclude Include="sources\graphics\GraphicsDrawer.h">
      <Filter>sources\graphics</Filter>
    </ClInclude>
    <ClInclude Include="sources\graphics\GraphicsTypes.h">
      <Filter>sources\graphics</Filter>
    </ClInclude>
    <ClInclude Include="sources\graphics\LowLevelGraphics.h">
      <Filter>sources\graphics</Filter>
    </ClInclude>
    <ClInclude Include="sources\graphics\LowLevelPicture.h">
      <Filter>sources\graphics</Filter>
    </ClInclude>
    <ClInclude Include="sources\graphics\Material.h">
      <Filter>sources\graphics</Filter>
    </ClInclude>
    <ClInclude Include="sources\graphics\Material_Additive.h">
      <Filter>sources\graphics</Filter>
    </ClInclude>
    <ClInclude Include="sources\graphics\Material_Alpha.h">
      <Filter>sources\graphics</Filter>
    </ClInclude>
    <ClInclude Include="sources\graphics\Material_BaseLight.h">
      <Filter>sources\graphics</Filter>
    </ClInclude>
    <ClInclude Include="sources\graphics\Material_Bump.h">
      <Filter>sources\graphics</Filter>
    </ClInclude>
    <ClInclude Include="sources\graphics\Material_BumpColorSpec.h">
      <Filter>sources\graphics</Filter>
    </ClInclude>
    <ClInclude Include="sources\graphics\Material_BumpSpec.h">
      <Filter>sources\graphics</Filter>
    </ClInclude>
    <ClInclude Include="sources\graphics\Material_Diffuse.h">
      <Filter>sources\graphics</Filter>
    </ClInclude>
    <ClInclude Include="sources\graphics\Material_DiffuseAdditive2D.h">
      <Filter>sources\graphics</Filter>
    </ClInclude>
    <ClInclude Include="sources\graphics\Material_DiffuseAlpha2D.h">
      <Filter>sources\graphics</Filter>
    </ClInclude>
    <ClInclude Include="sources\graphics\Material_DiffuseSpec.h">
      <Filter>sources\graphics</Filter>
    </ClInclude>
    <ClInclude Include="sources\graphics\Material_EnvMap_Reflect.h">
      <Filter>sources\graphics</Filter>
    </ClInclude>
    <ClInclude Include="sources\graphics\Material_Flat.h">
      <Filter>sources\graphics</Filter>
    </ClInclude>
    <ClInclude Include="sources\graphics\Material_FontNormal.h">
      <Filter>sources\graphics</Filter>
    </ClInclude>
    <ClInclude Include="sources\graphics\Material_Modulative.h">
      <Filter>sources\graphics</Filter>
    </ClInclude>
    <ClInclude Include="sources\graphics\Material_ModulativeX2.h">
      <Filter>sources\graphics</Filter>
    </ClInclude>
    <ClInclude Include="sources\graphics\Material_Smoke2D.h">
      <Filter>sources\graphics</Filter>
    </ClInclude>
    <ClInclude Include="sources\graphics\Material_Water.h">
      <Filter>sources\graphics</Filter>
    </ClInclude>
    <ClInclude Include="sources\graphics\MaterialHandler.h">
      <Filter>sources\graphics</Filter>
    </ClInclude>
    <ClInclude Include="sources\graphics\Mesh.h">
      <Filter>sources\graphics</Filter>
    </ClInclude>
    <ClInclude Include="sources\graphics\MeshCreator.h">
      <Filter>sources\graphics</Filter>
    </ClInclude>
    <ClInclude Include="sources\graphics\OcclusionQuery.h">
      <Filter>sources\graphics</Filter>
    </ClInclude>
    <ClInclude Include="sources\graphics\ParticleEmitter.h">
      <Filter>sources\graphics</Filter>
    </ClInclude>
    <ClInclude Include="sources\graphics\ParticleEmitter3D.h">
      <Filter>sources\graphics</Filter>
    </ClInclude>
    <ClInclude Include="sources\graphics\ParticleEmitter3D_UserData.h">
      <Filter>sources\graphics</Filter>
    </ClInclude>
    <ClInclude Include="sources\graphics\ParticleSystem3D.h">
      <Filter>sources\graphics</Filter>
    </ClInclude>
    <ClInclude Include="sources\graphics\Renderable.h">
      <Filter>sources\graphics</Filter>
    </ClInclude>
    <ClInclude Include="sources\graphics\Renderer3D.h">
      <Filter>sources\graphics</Filter>
    </ClInclude>
    <ClInclude Include="sources\graphics\RendererPostEffects.h">
      <Filter>sources\graphics</Filter>
    </ClInclude>
    <ClInclude Include="sources\graphics\RenderList.h">
      <Filter>sources\graphics</Filter>
    </ClInclude>
    <ClInclude Include="sources\graphics\RenderState.h">
      <Filter>sources\graphics</Filter>
    </ClInclude>
    <ClInclude Include="sources\graphics\Skeleton.h">
      <Filter>sources\graphics</Filter>
    </ClInclude>
    <ClInclude Include="sources\graphics\SubMesh.h">
      <Filter>sources\graphics</Filter>
    </ClInclude>
    <ClInclude Include="sources\graphics\Texture.h">
      <Filter>sources\graphics</Filter>
    </ClInclude>
    <ClInclude Include="sources\graphics\VertexBuffer.h">
      <Filter>sources\graphics</Filter>
    </ClInclude>
    <ClInclude Include="sources\graphics\VideoStream.h">
      <Filter>sources\graphics</Filter>
    </ClInclude>
    <ClInclude Include="sources\haptic\HapticSurface.h">
      <Filter>sources\haptic</Filter>
    </ClInclude>
    <ClInclude Include="sources\haptic\HapticTypes.h">
      <Filter>sources\haptic</Filter>
    </ClInclude>
    <ClInclude Include="sources\haptic\LowLevelHaptic.h">
      <Filter>sources\haptic</Filter>
    </ClInclude>
    <ClInclude Include="sources\haptic\Haptic.h">
      <Filter>sources\haptic</Filter>
    </ClInclude>
    <ClInclude Include="sources\haptic\HapticForce.h">
      <Filter>sources\haptic</Filter>
    </ClInclude>
    <ClInclude Include="sources\haptic\HapticShape.h">
      <Filter>sources\haptic</Filter>
    </ClInclude>
    <ClInclude Include="sources\impl\CGProgram.h">
      <Filter>sources\impl</Filter>
    </ClInclude>
    <ClInclude Include="sources\impl\CharacterBodyNewton.h">
      <Filter>sources\impl</Filter>
    </ClInclude>
    <ClInclude Include="sources\impl\CollideShapeNewton.h">
      <Filter>sources\impl</Filter>
    </ClInclude>
    <ClInclude Include="sources\impl\GLSLProgram.h">
      <Filter>sources\impl</Filter>
    </ClInclude>
    <ClInclude Include="sources\impl\KeyboardSDL.h">
      <Filter>sources\impl</Filter>
    </ClInclude>
    <ClInclude Include="sources\impl\LowLevelGraphicsSDL.h">
      <Filter>sources\impl</Filter>
    </ClInclude>
    <ClInclude Include="sources\impl\LowLevelInputSDL.h">
      <Filter>sources\impl</Filter>
    </ClInclude>
    <ClInclude Include="sources\impl\LowLevelPhysicsNewton.h">
      <Filter>sources\impl</Filter>
    </ClInclude>
    <ClInclude Include="sources\impl\LowLevelResourcesSDL.h">
      <Filter>sources\impl</Filter>
    </ClInclude>
    <ClInclude Include="sources\impl\LowLevelSoundOAL.h">
      <Filter>sources\impl</Filter>
    </ClInclude>
    <ClInclude Include="sources\impl\LowLevelSystemSDL.h">
      <Filter>sources\impl</Filter>
    </ClInclude>
    <ClInclude Include="sources\impl\MeshLoaderCollada.h">
      <Filter>sources\impl</Filter>
    </ClInclude>
    <ClInclude Include="sources\impl\MeshLoaderMSH.h">
      <Filter>sources\impl</Filter>
    </ClInclude>
    <ClInclude Include="sources\impl\MouseSDL.h">
      <Filter>sources\impl</Filter>
    </ClInclude>
    <ClInclude Include="sources\impl\OALSoundChannel.h">
      <Filter>sources\impl</Filter>
    </ClInclude>
    <ClInclude Include="sources\impl\OALSoundData.h">
      <Filter>sources\impl</Filter>
    </ClInclude>
    <ClInclude Include="sources\impl\OcclusionQueryOGL.h">
      <Filter>sources\impl</Filter>
    </ClInclude>
    <ClInclude Include="sources\impl\OpenALSoundEnvironment.h">
      <Filter>sources\impl</Filter>
    </ClInclude>
    <ClInclude Include="sources\impl\PhysicsBodyNewton.h">
      <Filter>sources\impl</Filter>
    </ClInclude>
    <ClInclude Include="sources\impl\PhysicsControllerNewton.h">
      <Filter>sources\impl</Filter>
    </ClInclude>
    <ClInclude Include="sources\impl\PhysicsJointBallNewton.h">
      <Filter>sources\impl</Filter>
    </ClInclude>
    <ClInclude Include="sources\impl\PhysicsJointHingeNewton.h">
      <Filter>sources\impl</Filter>
    </ClInclude>
    <ClInclude Include="sources\impl\PhysicsJointNewton.h">
      <Filter>sources\impl</Filter>
    </ClInclude>
    <ClInclude Include="sources\impl\PhysicsJointScrewNewton.h">
      <Filter>sources\impl</Filter>
    </ClInclude>
    <ClInclude Include="sources\impl\PhysicsJointSliderNewton.h">
      <Filter>sources\impl</Filter>
    </ClInclude>
    <ClInclude Include="sources\impl\PhysicsMaterialNewton.h">
      <Filter>sources\impl</Filter>
    </ClInclude>
    <ClInclude Include="sources\impl\PhysicsWorldNewton.h">
      <Filter>sources\impl</Filter>
    </ClInclude>
    <ClInclude Include="sources\impl\Platform.h">
      <Filter>sources\impl</Filter>
    </ClInclude>
    <ClInclude Include="sources\impl\SDLBitmap2D.h">
      <Filter>sources\impl</Filter>
    </ClInclude>
    <ClInclude Include="sources\impl\SDLBMPFile.h">
      <Filter>sources\impl</Filter>
    </ClInclude>
    <ClInclude Include="sources\impl\SDLFontData.h">
      <Filter>sources\impl</Filter>
    </ClInclude>
    <ClInclude Include="sources\impl\SDLGameSetup.h">
      <Filter>sources\impl</Filter>
    </ClInclude>
    <ClInclude Include="sources\impl\SDLTexture.h">
      <Filter>sources\impl</Filter>
    </ClInclude>
    <ClInclude Include="sources\impl\SDLTGAFile.h">
      <Filter>sources\impl</Filter>
    </ClInclude>
    <ClInclude Include="sources\impl\VertexBufferVBO.h">
      <Filter>sources\impl</Filter>
    </ClInclude>
    <ClInclude Include="sources\impl\VideoStreamTheora.h">
      <Filter>sources\impl</Filter>
    </ClInclude>
    <ClInclude Include="sources\impl\WAVFile.h">
      <Filter>sources\impl</Filter>
    </ClInclude>
    <ClInclude Include="sources\input\ActionKeyboard.h">
      <Filter>sources\input</Filter>
    </ClInclude>
    <ClInclude Include="sources\input\ActionMouseButton.h">
      <Filter>sources\input</Filter>
    </ClInclude>
    <ClInclude Include="sources\input\Input.h">
      <Filter>sources\input</Filter>
    </ClInclude>
    <ClInclude Include="sources\input\InputDevice.h">
      <Filter>sources\input</Filter>
    </ClInclude>
    <ClInclude Include="sources\input\InputTypes.h">
      <Filter>sources\input</Filter>
    </ClInclude>
    <ClInclude Include="sources\input\Keyboard.h">
      <Filter>sources\input</Filter>
    </ClInclude>
    <ClInclude Include="sources\input\LowLevelInput.h">
      <Filter>sources\input</Filter>
    </ClInclude>
    <ClInclude Include="sources\input\Mouse.h">
      <Filter>sources\input</Filter>
    </ClInclude>
    <ClInclude Include="sources\input\Action.h">
      <Filter>sources\input</Filter>
    </ClInclude>
    <ClInclude Include="sources\input\ActionHaptic.h">
      <Filter>sources\input</Filter>
    </ClInclude>
    <ClInclude Include="sources\math\Frustum.h">
      <Filter>sources\math</Filter>
    </ClInclude>
    <ClInclude Include="sources\math\Math.h">
      <Filter>sources\math</Filter>
    </ClInclude>
    <ClInclude Include="sources\math\MathTypes.h">
      <Filter>sources\math</Filter>
    </ClInclude>
    <ClInclude Include="sources\math\Matrix.h">
      <Filter>sources\math</Filter>
    </ClInclude>
    <ClInclude Include="sources\math\MeshTypes.h">
      <Filter>sources\math</Filter>
    </ClInclude>
    <ClInclude Include="sources\math\PidController.h">
      <Filter>sources\math</Filter>
    </ClInclude>
    <ClInclude Include="sources\math\Quaternion.h">
      <Filter>sources\math</Filter>
    </ClInclude>
    <ClInclude Include="sources\math\Spring.h">
      <Filter>sources\math</Filter>
    </ClInclude>
    <ClInclude Include="sources\math\Vector2.h">
      <Filter>sources\math</Filter>
    </ClInclude>
    <ClInclude Include="sources\math\Vector3.h">
      <Filter>sources\math</Filter>
    </ClInclude>
    <ClInclude Include="sources\math\BoundingVolume.h">
      <Filter>sources\math</Filter>
    </ClInclude>
    <ClInclude Include="sources\math\CRC.h">
      <Filter>sources\math</Filter>
    </ClInclude>
    <ClInclude Include="sources\physics\PhysicsJointHinge.h">
      <Filter>sources\physics</Filter>
    </ClInclude>
    <ClInclude Include="sources\physics\PhysicsJointScrew.h">
      <Filter>sources\physics</Filter>
    </ClInclude>
    <ClInclude Include="sources\physics\PhysicsJointSlider.h">
      <Filter>sources\physics</Filter>
    </ClInclude>
    <ClInclude Include="sources\physics\PhysicsMaterial.h">
      <Filter>sources\physics</Filter>
    </ClInclude>
    <ClInclude Include="sources\physics\PhysicsWorld.h">
      <Filter>sources\physics</Filter>
    </ClInclude>
    <ClInclude Include="sources\physics\SurfaceData.h">
      <Filter>sources\physics</Filter>
    </ClInclude>
    <ClInclude Include="sources\physics\CharacterBody.h">
      <Filter>sources\physics</Filter>
    </ClInclude>
    <ClInclude Include="sources\physics\CollideData.h">
      <Filter>sources\physics</Filter>
    </ClInclude>
    <ClInclude Include="sources\physics\CollideShape.h">
      <Filter>sources\physics</Filter>
    </ClInclude>
    <ClInclude Include="sources\physics\LowLevelPhysics.h">
      <Filter>sources\physics</Filter>
    </ClInclude>
    <ClInclude Include="sources\physics\Physics.h">
      <Filter>sources\physics</Filter>
    </ClInclude>
    <ClInclude Include="sources\physics\PhysicsBody.h">
      <Filter>sources\physics</Filter>
    </ClInclude>
    <ClInclude Include="sources\physics\PhysicsController.h">
      <Filter>sources\physics</Filter>
    </ClInclude>
    <ClInclude Include="sources\physics\PhysicsJoint.h">
      <Filter>sources\physics</Filter>
    </ClInclude>
    <ClInclude Include="sources\physics\PhysicsJointBall.h">
      <Filter>sources\physics</Filter>
    </ClInclude>
    <ClInclude Include="sources\resources\SoundEntityManager.h">
      <Filter>sources\resources</Filter>
    </ClInclude>
    <ClInclude Include="sources\resources\SoundManager.h">
      <Filter>sources\resources</Filter>
    </ClInclude>
    <ClInclude Include="sources\resources\TextureManager.h">
      <Filter>sources\resources</Filter>
    </ClInclude>
    <ClInclude Include="sources\resources\VideoManager.h">
      <Filter>sources\resources</Filter>
    </ClInclude>
    <ClInclude Include="sources\resources\AnimationManager.h">
      <Filter>sources\resources</Filter>
    </ClInclude>
    <ClInclude Include="sources\resources\ConfigFile.h">
      <Filter>sources\resources</Filter>
    </ClInclude>
    <ClInclude Include="sources\resources\EntityLoader_Object.h">
      <Filter>sources\resources</Filter>
    </ClInclude>
    <ClInclude Include="sources\resources\FileSearcher.h">
      <Filter>sources\resources</Filter>
    </ClInclude>
    <ClInclude Include="sources\resources\FontManager.h">
      <Filter>sources\resources</Filter>
    </ClInclude>
    <ClInclude Include="sources\resources\FrameBase.h">
      <Filter>sources\resources</Filter>
    </ClInclude>
    <ClInclude Include="sources\resources\FrameBitmap.h">
      <Filter>sources\resources</Filter>
    </ClInclude>
    <ClInclude Include="sources\resources\FrameTexture.h">
      <Filter>sources\resources</Filter>
    </ClInclude>
    <ClInclude Include="sources\resources\GpuProgramManager.h">
      <Filter>sources\resources</Filter>
    </ClInclude>
    <ClInclude Include="sources\resources\ImageManager.h">
      <Filter>sources\resources</Filter>
    </ClInclude>
    <ClInclude Include="sources\resources\LanguageFile.h">
      <Filter>sources\resources</Filter>
    </ClInclude>
    <ClInclude Include="sources\resources\LowLevelResources.h">
      <Filter>sources\resources</Filter>
    </ClInclude>
    <ClInclude Include="sources\resources\MaterialManager.h">
      <Filter>sources\resources</Filter>
    </ClInclude>
    <ClInclude Include="sources\resources\MeshLoader.h">
      <Filter>sources\resources</Filter>
    </ClInclude>
    <ClInclude Include="sources\resources\MeshLoaderHandler.h">
      <Filter>sources\resources</Filter>
    </ClInclude>
    <ClInclude Include="sources\resources\MeshManager.h">
      <Filter>sources\resources</Filter>
    </ClInclude>
    <ClInclude Include="sources\resources\ParticleManager.h">
      <Filter>sources\resources</Filter>
    </ClInclude>
    <ClInclude Include="sources\resources\ResourceBase.h">
      <Filter>sources\resources</Filter>
    </ClInclude>
    <ClInclude Include="sources\resources\ResourceImage.h">
      <Filter>sources\resources</Filter>
    </ClInclude>
    <ClInclude Include="sources\resources\ResourceManager.h">
      <Filter>sources\resources</Filter>
    </ClInclude>
    <ClInclude Include="sources\resources\Resources.h">
      <Filter>sources\resources</Filter>
    </ClInclude>
    <ClInclude Include="sources\resources\ResourcesTypes.h">
      <Filter>sources\resources</Filter>
    </ClInclude>
    <ClInclude Include="sources\resources\ScriptManager.h">
      <Filter>sources\resources</Filter>
    </ClInclude>
    <ClInclude Include="sources\scene\Entity.h">
      <Filter>sources\scene</Filter>
    </ClInclude>
    <ClInclude Include="sources\scene\Entity3D.h">
      <Filter>sources\scene</Filter>
    </ClInclude>
    <ClInclude Include="sources\scene\Light.h">
      <Filter>sources\scene</Filter>
    </ClInclude>
    <ClInclude Include="sources\scene\Light3D.h">
      <Filter>sources\scene</Filter>
    </ClInclude>
    <ClInclude Include="sources\scene\Light3DPoint.h">
      <Filter>sources\scene</Filter>
    </ClInclude>
    <ClInclude Include="sources\scene\Light3DSpot.h">
      <Filter>sources\scene</Filter>
    </ClInclude>
    <ClInclude Include="sources\scene\MeshEntity.h">
      <Filter>sources\scene</Filter>
    </ClInclude>
    <ClInclude Include="sources\scene\Node.h">
      <Filter>sources\scene</Filter>
    </ClInclude>
    <ClInclude Include="sources\scene\Node3D.h">
      <Filter>sources\scene</Filter>
    </ClInclude>
    <ClInclude Include="sources\scene\NodeState.h">
      <Filter>sources\scene</Filter>
    </ClInclude>
    <ClInclude Include="sources\scene\PortalContainer.h">
      <Filter>sources\scene</Filter>
    </ClInclude>
    <ClInclude Include="sources\scene\RenderableContainer.h">
      <Filter>sources\scene</Filter>
    </ClInclude>
    <ClInclude Include="sources\scene\Scene.h">
      <Filter>sources\scene</Filter>
    </ClInclude>
    <ClInclude Include="sources\scene\SectorVisibility.h">
      <Filter>sources\scene</Filter>
    </ClInclude>
    <ClInclude Include="sources\scene\SoundEntity.h">
      <Filter>sources\scene</Filter>
    </ClInclude>
    <ClInclude Include="sources\scene\SubMeshEntity.h">
      <Filter>sources\scene</Filter>
    </ClInclude>
    <ClInclude Include="sources\scene\World3D.h">
      <Filter>sources\scene</Filter>
    </ClInclude>
    <ClInclude Include="sources\scene\AnimationState.h">
      <Filter>sources\scene</Filter>
    </ClInclude>
    <ClInclude Include="sources\scene\Camera.h">
      <Filter>sources\scene</Filter>
    </ClInclude>
    <ClInclude Include="sources\scene\Camera3D.h">
      <Filter>sources\scene</Filter>
    </ClInclude>
    <ClInclude Include="sources\scene\ColliderEntity.h">
      <Filter>sources\scene</Filter>
    </ClInclude>
    <ClInclude Include="sources\script\Script.h">
      <Filter>sources\script</Filter>
    </ClInclude>
    <ClInclude Include="sources\script\ScriptFuncs.h">
      <Filter>sources\script</Filter>
    </ClInclude>
    <ClInclude Include="sources\script\ScriptVar.h">
      <Filter>sources\script</Filter>
    </ClInclude>
    <ClInclude Include="sources\script\impl\scriptstdstring.h">
      <Filter>sources\script\impl</Filter>
    </ClInclude>
    <ClInclude Include="sources\script\impl\scriptstring.h">
      <Filter>sources\script\impl</Filter>
    </ClInclude>
    <ClInclude Include="sources\script\impl\scriptarray.h">
      <Filter>sources\script\impl</Filter>
    </ClInclude>
    <ClInclude Include="sources\script\impl\scripthelper.h">
      <Filter>sources\script\impl</Filter>
    </ClInclude>
    <ClInclude Include="sources\sound\Sound.h">
      <Filter>sources\sound</Filter>
    </ClInclude>
    <ClInclude Include="sources\sound\SoundChannel.h">
      <Filter>sources\sound</Filter>
    </ClInclude>
    <ClInclude Include="sources\sound\SoundData.h">
      <Filter>sources\sound</Filter>
    </ClInclude>
    <ClInclude Include="sources\sound\SoundEntityData.h">
      <Filter>sources\sound</Filter>
    </ClInclude>
    <ClInclude Include="sources\sound\SoundEnvironment.h">
      <Filter>sources\sound</Filter>
    </ClInclude>
    <ClInclude Include="sources\sound\SoundHandler.h">
      <Filter>sources\sound</Filter>
    </ClInclude>
    <ClInclude Include="sources\sound\LowLevelSound.h">
      <Filter>sources\sound</Filter>
    </ClInclude>
    <ClInclude Include="sources\sound\MusicHandler.h">
      <Filter>sources\sound</Filter>
    </ClInclude>
    <ClInclude Include="sources\system\LogicTimer.h">
      <Filter>sources\system</Filter>
    </ClInclude>
    <ClInclude Include="sources\system\LowLevelSystem.h">
      <Filter>sources\system</Filter>
    </ClInclude>
    <ClInclude Include="sources\system\MemoryManager.h">
      <Filter>sources\system</Filter>
    </ClInclude>
    <ClInclude Include="sources\system\SerializeClass.h">
      <Filter>sources\system</Filter>
    </ClInclude>
    <ClInclude Include="sources\system\String.h">
      <Filter>sources\system</Filter>
    </ClInclude>
    <ClInclude Include="sources\system\System.h">
      <Filter>sources\system</Filter>
    </ClInclude>
    <ClInclude Include="sources\system\SystemTypes.h">
      <Filter>sources\system</Filter>
    </ClInclude>
    <ClInclude Include="sources\system\BinTree.h">
      <Filter>sources\system</Filter>
    </ClInclude>
    <ClInclude Include="sources\system\Container.h">
      <Filter>sources\system</Filter>
    </ClInclude>
    <ClInclude Include="sources\hpl.h">
      <Filter>sources</Filter>
    </ClInclude>
    <ClInclude Include="sources\impl\platform\i_opndir.h">
      <Filter>sources\impl\platform</Filter>
    </ClInclude>
  </ItemGroup>
  <ItemGroup>
    <None Include="sources\impl\LowLevelSystemMac.mm">
      <Filter>sources\impl</Filter>
    </None>
  </ItemGroup>
</Project>